
Microsoft Visual Studio Solution File, Format Version 12.00
# Visual Studio 14
VisualStudioVersion = 14.0.22609.0
MinimumVisualStudioVersion = 10.0.40219.1
Project("{FAE04EC0-301F-11D3-BF4B-00C04F79EFBC}") = "EdSnider.Plugins.Notifier", "Notifier\EdSnider.Plugins.Notifier\EdSnider.Plugins.Notifier.csproj", "{39233334-91FE-4171-A7B4-32EC4B131F72}"
EndProject
Project("{FAE04EC0-301F-11D3-BF4B-00C04F79EFBC}") = "EdSnider.Plugins.Notifier.WinRT", "Notifier\EdSnider.Plugins.Notifier.WinRT\EdSnider.Plugins.Notifier.WinRT.csproj", "{CF14525D-0B5B-43D1-95BC-45053D4F3F0A}"
EndProject
Project("{FAE04EC0-301F-11D3-BF4B-00C04F79EFBC}") = "EdSnider.Plugins.Core", "EdSnider.Plugins.Core\EdSnider.Plugins.Core.csproj", "{2906BA0A-CD3E-4AB3-9E8C-7B4DA836FA1F}"
EndProject
Project("{2150E333-8FDC-42A3-9474-1A3956D46DE8}") = "TestApps", "TestApps", "{2E9A292E-7CB0-4D98-B27D-032C66B1E5D9}"
EndProject
Project("{FAE04EC0-301F-11D3-BF4B-00C04F79EFBC}") = "WinApp", "TestApps\WinApp\WinApp.csproj", "{7FA4C968-DD1C-4938-A98F-AE658B1B2E9B}"
EndProject
Project("{FAE04EC0-301F-11D3-BF4B-00C04F79EFBC}") = "WinPhoneApp", "TestApps\WinPhoneApp\WinPhoneApp.csproj", "{8943A132-73F9-4C5C-B7D3-D19CB073B21E}"
EndProject
Project("{FAE04EC0-301F-11D3-BF4B-00C04F79EFBC}") = "EdSnider.Plugins.Notifier.Android", "Notifier\EdSnider.Plugins.Notifier.Android\EdSnider.Plugins.Notifier.Android.csproj", "{5989E91B-7DA1-46CD-AC43-668E38CC43E7}"
EndProject
Project("{FAE04EC0-301F-11D3-BF4B-00C04F79EFBC}") = "AndroidApp", "TestApps\AndroidApp\AndroidApp.csproj", "{4B4B929A-3F2F-40A3-AC93-ECC7916F35C0}"
EndProject
Project("{FAE04EC0-301F-11D3-BF4B-00C04F79EFBC}") = "EdSnider.Plugins.Notifier.iOS", "Notifier\EdSnider.Plugins.Notifier.iOS\EdSnider.Plugins.Notifier.iOS.csproj", "{46918AE0-CFED-48BE-8578-884D249EC936}"
EndProject
Project("{FAE04EC0-301F-11D3-BF4B-00C04F79EFBC}") = "EdSnider.Plugins.Notifier.iOSClassic", "Notifier\EdSnider.Plugins.Notifier.iOSClassic\EdSnider.Plugins.Notifier.iOSClassic.csproj", "{61240B5D-FD9F-4DD9-8F8B-FDE6BF4E8BFD}"
EndProject
Project("{FAE04EC0-301F-11D3-BF4B-00C04F79EFBC}") = "iOSClassicApp", "TestApps\iOSClassicApp\iOSClassicApp.csproj", "{C1C9F027-61B2-4BBD-B5D2-7501198E8E87}"
EndProject
Project("{FAE04EC0-301F-11D3-BF4B-00C04F79EFBC}") = "iOSApp", "TestApps\iOSApp\iOSApp.csproj", "{35913677-C150-40A9-A3BC-27B1C8FE98AE}"
EndProject
Project("{FAE04EC0-301F-11D3-BF4B-00C04F79EFBC}") = "EdSnider.Plugins.Notifier.WinPhoneSL", "Notifier\EdSnider.Plugins.Notifier.WinPhoneSL\EdSnider.Plugins.Notifier.WinPhoneSL.csproj", "{0A40CF7A-85EA-441E-B981-B46A34066007}"
EndProject
Project("{FAE04EC0-301F-11D3-BF4B-00C04F79EFBC}") = "WinPhoneSLApp", "TestApps\WinPhoneSLApp\WinPhoneSLApp.csproj", "{A5C02FF0-FA55-4C1B-9686-5B63C59C366D}"
EndProject
Project("{2150E333-8FDC-42A3-9474-1A3956D46DE8}") = "Notifier", "Notifier", "{2DB6DF64-A521-453B-8E86-3187BA8FE5C4}"
EndProject
Project("{2150E333-8FDC-42A3-9474-1A3956D46DE8}") = "AppLookup", "AppLookup", "{99A779CD-897B-4466-AC3B-0E082236B4EB}"
EndProject
Project("{FAE04EC0-301F-11D3-BF4B-00C04F79EFBC}") = "EdSnider.Plugins.AppLookup", "AppLookup\EdSnider.Plugins.AppLookup\EdSnider.Plugins.AppLookup.csproj", "{2A02DFBB-82C1-407C-9AC9-F9883B899967}"
EndProject
Project("{FAE04EC0-301F-11D3-BF4B-00C04F79EFBC}") = "EdSnider.Plugins.AppLookup.Android", "AppLookup\EdSnider.Plugins.AppLookup.Android\EdSnider.Plugins.AppLookup.Android.csproj", "{082AABAE-6F9C-49B9-9598-B0BEA4CE3532}"
EndProject
Project("{FAE04EC0-301F-11D3-BF4B-00C04F79EFBC}") = "EdSnider.Plugins.AppLookup.WinPhone", "AppLookup\EdSnider.Plugins.AppLookup.WinPhone\EdSnider.Plugins.AppLookup.WinPhone.csproj", "{67B5FBCB-4039-45D1-A717-F0E0D1F62E3D}"
EndProject
Project("{FAE04EC0-301F-11D3-BF4B-00C04F79EFBC}") = "EdSnider.Plugins.AppLookup.iOS", "AppLookup\EdSnider.Plugins.AppLookup.iOS\EdSnider.Plugins.AppLookup.iOS.csproj", "{4F7913FE-0FC2-483D-A5E1-750377AEE4BB}"
EndProject
Global
	GlobalSection(SolutionConfigurationPlatforms) = preSolution
		Ad-Hoc|Any CPU = Ad-Hoc|Any CPU
		Ad-Hoc|ARM = Ad-Hoc|ARM
		Ad-Hoc|iPhone = Ad-Hoc|iPhone
		Ad-Hoc|iPhoneSimulator = Ad-Hoc|iPhoneSimulator
		Ad-Hoc|Mixed Platforms = Ad-Hoc|Mixed Platforms
		Ad-Hoc|x64 = Ad-Hoc|x64
		Ad-Hoc|x86 = Ad-Hoc|x86
		AppStore|Any CPU = AppStore|Any CPU
		AppStore|ARM = AppStore|ARM
		AppStore|iPhone = AppStore|iPhone
		AppStore|iPhoneSimulator = AppStore|iPhoneSimulator
		AppStore|Mixed Platforms = AppStore|Mixed Platforms
		AppStore|x64 = AppStore|x64
		AppStore|x86 = AppStore|x86
		Debug|Any CPU = Debug|Any CPU
		Debug|ARM = Debug|ARM
		Debug|iPhone = Debug|iPhone
		Debug|iPhoneSimulator = Debug|iPhoneSimulator
		Debug|Mixed Platforms = Debug|Mixed Platforms
		Debug|x64 = Debug|x64
		Debug|x86 = Debug|x86
		Release|Any CPU = Release|Any CPU
		Release|ARM = Release|ARM
		Release|iPhone = Release|iPhone
		Release|iPhoneSimulator = Release|iPhoneSimulator
		Release|Mixed Platforms = Release|Mixed Platforms
		Release|x64 = Release|x64
		Release|x86 = Release|x86
	EndGlobalSection
	GlobalSection(ProjectConfigurationPlatforms) = postSolution
		{39233334-91FE-4171-A7B4-32EC4B131F72}.Ad-Hoc|Any CPU.ActiveCfg = Release|Any CPU
		{39233334-91FE-4171-A7B4-32EC4B131F72}.Ad-Hoc|Any CPU.Build.0 = Release|Any CPU
		{39233334-91FE-4171-A7B4-32EC4B131F72}.Ad-Hoc|ARM.ActiveCfg = Release|Any CPU
		{39233334-91FE-4171-A7B4-32EC4B131F72}.Ad-Hoc|iPhone.ActiveCfg = Release|Any CPU
		{39233334-91FE-4171-A7B4-32EC4B131F72}.Ad-Hoc|iPhoneSimulator.ActiveCfg = Release|Any CPU
		{39233334-91FE-4171-A7B4-32EC4B131F72}.Ad-Hoc|Mixed Platforms.ActiveCfg = Release|Any CPU
		{39233334-91FE-4171-A7B4-32EC4B131F72}.Ad-Hoc|Mixed Platforms.Build.0 = Release|Any CPU
		{39233334-91FE-4171-A7B4-32EC4B131F72}.Ad-Hoc|x64.ActiveCfg = Release|Any CPU
		{39233334-91FE-4171-A7B4-32EC4B131F72}.Ad-Hoc|x86.ActiveCfg = Release|Any CPU
		{39233334-91FE-4171-A7B4-32EC4B131F72}.AppStore|Any CPU.ActiveCfg = Release|Any CPU
		{39233334-91FE-4171-A7B4-32EC4B131F72}.AppStore|Any CPU.Build.0 = Release|Any CPU
		{39233334-91FE-4171-A7B4-32EC4B131F72}.AppStore|ARM.ActiveCfg = Release|Any CPU
		{39233334-91FE-4171-A7B4-32EC4B131F72}.AppStore|iPhone.ActiveCfg = Release|Any CPU
		{39233334-91FE-4171-A7B4-32EC4B131F72}.AppStore|iPhoneSimulator.ActiveCfg = Release|Any CPU
		{39233334-91FE-4171-A7B4-32EC4B131F72}.AppStore|Mixed Platforms.ActiveCfg = Release|Any CPU
		{39233334-91FE-4171-A7B4-32EC4B131F72}.AppStore|Mixed Platforms.Build.0 = Release|Any CPU
		{39233334-91FE-4171-A7B4-32EC4B131F72}.AppStore|x64.ActiveCfg = Release|Any CPU
		{39233334-91FE-4171-A7B4-32EC4B131F72}.AppStore|x86.ActiveCfg = Release|Any CPU
		{39233334-91FE-4171-A7B4-32EC4B131F72}.Debug|Any CPU.ActiveCfg = Debug|Any CPU
		{39233334-91FE-4171-A7B4-32EC4B131F72}.Debug|Any CPU.Build.0 = Debug|Any CPU
		{39233334-91FE-4171-A7B4-32EC4B131F72}.Debug|ARM.ActiveCfg = Debug|Any CPU
		{39233334-91FE-4171-A7B4-32EC4B131F72}.Debug|iPhone.ActiveCfg = Debug|Any CPU
		{39233334-91FE-4171-A7B4-32EC4B131F72}.Debug|iPhoneSimulator.ActiveCfg = Debug|Any CPU
		{39233334-91FE-4171-A7B4-32EC4B131F72}.Debug|Mixed Platforms.ActiveCfg = Debug|Any CPU
		{39233334-91FE-4171-A7B4-32EC4B131F72}.Debug|Mixed Platforms.Build.0 = Debug|Any CPU
		{39233334-91FE-4171-A7B4-32EC4B131F72}.Debug|x64.ActiveCfg = Debug|Any CPU
		{39233334-91FE-4171-A7B4-32EC4B131F72}.Debug|x86.ActiveCfg = Debug|Any CPU
		{39233334-91FE-4171-A7B4-32EC4B131F72}.Release|Any CPU.ActiveCfg = Release|Any CPU
		{39233334-91FE-4171-A7B4-32EC4B131F72}.Release|Any CPU.Build.0 = Release|Any CPU
		{39233334-91FE-4171-A7B4-32EC4B131F72}.Release|ARM.ActiveCfg = Release|Any CPU
		{39233334-91FE-4171-A7B4-32EC4B131F72}.Release|iPhone.ActiveCfg = Release|Any CPU
		{39233334-91FE-4171-A7B4-32EC4B131F72}.Release|iPhoneSimulator.ActiveCfg = Release|Any CPU
		{39233334-91FE-4171-A7B4-32EC4B131F72}.Release|Mixed Platforms.ActiveCfg = Release|Any CPU
		{39233334-91FE-4171-A7B4-32EC4B131F72}.Release|Mixed Platforms.Build.0 = Release|Any CPU
		{39233334-91FE-4171-A7B4-32EC4B131F72}.Release|x64.ActiveCfg = Release|Any CPU
		{39233334-91FE-4171-A7B4-32EC4B131F72}.Release|x86.ActiveCfg = Release|Any CPU
		{CF14525D-0B5B-43D1-95BC-45053D4F3F0A}.Ad-Hoc|Any CPU.ActiveCfg = Release|Any CPU
		{CF14525D-0B5B-43D1-95BC-45053D4F3F0A}.Ad-Hoc|Any CPU.Build.0 = Release|Any CPU
		{CF14525D-0B5B-43D1-95BC-45053D4F3F0A}.Ad-Hoc|ARM.ActiveCfg = Release|Any CPU
		{CF14525D-0B5B-43D1-95BC-45053D4F3F0A}.Ad-Hoc|iPhone.ActiveCfg = Release|Any CPU
		{CF14525D-0B5B-43D1-95BC-45053D4F3F0A}.Ad-Hoc|iPhoneSimulator.ActiveCfg = Release|Any CPU
		{CF14525D-0B5B-43D1-95BC-45053D4F3F0A}.Ad-Hoc|Mixed Platforms.ActiveCfg = Release|Any CPU
		{CF14525D-0B5B-43D1-95BC-45053D4F3F0A}.Ad-Hoc|Mixed Platforms.Build.0 = Release|Any CPU
		{CF14525D-0B5B-43D1-95BC-45053D4F3F0A}.Ad-Hoc|x64.ActiveCfg = Release|Any CPU
		{CF14525D-0B5B-43D1-95BC-45053D4F3F0A}.Ad-Hoc|x86.ActiveCfg = Release|Any CPU
		{CF14525D-0B5B-43D1-95BC-45053D4F3F0A}.AppStore|Any CPU.ActiveCfg = Release|Any CPU
		{CF14525D-0B5B-43D1-95BC-45053D4F3F0A}.AppStore|Any CPU.Build.0 = Release|Any CPU
		{CF14525D-0B5B-43D1-95BC-45053D4F3F0A}.AppStore|ARM.ActiveCfg = Release|Any CPU
		{CF14525D-0B5B-43D1-95BC-45053D4F3F0A}.AppStore|iPhone.ActiveCfg = Release|Any CPU
		{CF14525D-0B5B-43D1-95BC-45053D4F3F0A}.AppStore|iPhoneSimulator.ActiveCfg = Release|Any CPU
		{CF14525D-0B5B-43D1-95BC-45053D4F3F0A}.AppStore|Mixed Platforms.ActiveCfg = Release|Any CPU
		{CF14525D-0B5B-43D1-95BC-45053D4F3F0A}.AppStore|Mixed Platforms.Build.0 = Release|Any CPU
		{CF14525D-0B5B-43D1-95BC-45053D4F3F0A}.AppStore|x64.ActiveCfg = Release|Any CPU
		{CF14525D-0B5B-43D1-95BC-45053D4F3F0A}.AppStore|x86.ActiveCfg = Release|Any CPU
		{CF14525D-0B5B-43D1-95BC-45053D4F3F0A}.Debug|Any CPU.ActiveCfg = Debug|Any CPU
		{CF14525D-0B5B-43D1-95BC-45053D4F3F0A}.Debug|Any CPU.Build.0 = Debug|Any CPU
		{CF14525D-0B5B-43D1-95BC-45053D4F3F0A}.Debug|ARM.ActiveCfg = Debug|Any CPU
		{CF14525D-0B5B-43D1-95BC-45053D4F3F0A}.Debug|iPhone.ActiveCfg = Debug|Any CPU
		{CF14525D-0B5B-43D1-95BC-45053D4F3F0A}.Debug|iPhoneSimulator.ActiveCfg = Debug|Any CPU
		{CF14525D-0B5B-43D1-95BC-45053D4F3F0A}.Debug|Mixed Platforms.ActiveCfg = Debug|Any CPU
		{CF14525D-0B5B-43D1-95BC-45053D4F3F0A}.Debug|Mixed Platforms.Build.0 = Debug|Any CPU
		{CF14525D-0B5B-43D1-95BC-45053D4F3F0A}.Debug|x64.ActiveCfg = Debug|Any CPU
		{CF14525D-0B5B-43D1-95BC-45053D4F3F0A}.Debug|x86.ActiveCfg = Debug|Any CPU
		{CF14525D-0B5B-43D1-95BC-45053D4F3F0A}.Release|Any CPU.ActiveCfg = Release|Any CPU
		{CF14525D-0B5B-43D1-95BC-45053D4F3F0A}.Release|Any CPU.Build.0 = Release|Any CPU
		{CF14525D-0B5B-43D1-95BC-45053D4F3F0A}.Release|ARM.ActiveCfg = Release|Any CPU
		{CF14525D-0B5B-43D1-95BC-45053D4F3F0A}.Release|iPhone.ActiveCfg = Release|Any CPU
		{CF14525D-0B5B-43D1-95BC-45053D4F3F0A}.Release|iPhoneSimulator.ActiveCfg = Release|Any CPU
		{CF14525D-0B5B-43D1-95BC-45053D4F3F0A}.Release|Mixed Platforms.ActiveCfg = Release|Any CPU
		{CF14525D-0B5B-43D1-95BC-45053D4F3F0A}.Release|Mixed Platforms.Build.0 = Release|Any CPU
		{CF14525D-0B5B-43D1-95BC-45053D4F3F0A}.Release|x64.ActiveCfg = Release|Any CPU
		{CF14525D-0B5B-43D1-95BC-45053D4F3F0A}.Release|x86.ActiveCfg = Release|Any CPU
		{2906BA0A-CD3E-4AB3-9E8C-7B4DA836FA1F}.Ad-Hoc|Any CPU.ActiveCfg = Release|Any CPU
		{2906BA0A-CD3E-4AB3-9E8C-7B4DA836FA1F}.Ad-Hoc|Any CPU.Build.0 = Release|Any CPU
		{2906BA0A-CD3E-4AB3-9E8C-7B4DA836FA1F}.Ad-Hoc|ARM.ActiveCfg = Release|Any CPU
		{2906BA0A-CD3E-4AB3-9E8C-7B4DA836FA1F}.Ad-Hoc|iPhone.ActiveCfg = Release|Any CPU
		{2906BA0A-CD3E-4AB3-9E8C-7B4DA836FA1F}.Ad-Hoc|iPhoneSimulator.ActiveCfg = Release|Any CPU
		{2906BA0A-CD3E-4AB3-9E8C-7B4DA836FA1F}.Ad-Hoc|Mixed Platforms.ActiveCfg = Release|Any CPU
		{2906BA0A-CD3E-4AB3-9E8C-7B4DA836FA1F}.Ad-Hoc|Mixed Platforms.Build.0 = Release|Any CPU
		{2906BA0A-CD3E-4AB3-9E8C-7B4DA836FA1F}.Ad-Hoc|x64.ActiveCfg = Release|Any CPU
		{2906BA0A-CD3E-4AB3-9E8C-7B4DA836FA1F}.Ad-Hoc|x86.ActiveCfg = Release|Any CPU
		{2906BA0A-CD3E-4AB3-9E8C-7B4DA836FA1F}.AppStore|Any CPU.ActiveCfg = Release|Any CPU
		{2906BA0A-CD3E-4AB3-9E8C-7B4DA836FA1F}.AppStore|Any CPU.Build.0 = Release|Any CPU
		{2906BA0A-CD3E-4AB3-9E8C-7B4DA836FA1F}.AppStore|ARM.ActiveCfg = Release|Any CPU
		{2906BA0A-CD3E-4AB3-9E8C-7B4DA836FA1F}.AppStore|iPhone.ActiveCfg = Release|Any CPU
		{2906BA0A-CD3E-4AB3-9E8C-7B4DA836FA1F}.AppStore|iPhoneSimulator.ActiveCfg = Release|Any CPU
		{2906BA0A-CD3E-4AB3-9E8C-7B4DA836FA1F}.AppStore|Mixed Platforms.ActiveCfg = Release|Any CPU
		{2906BA0A-CD3E-4AB3-9E8C-7B4DA836FA1F}.AppStore|Mixed Platforms.Build.0 = Release|Any CPU
		{2906BA0A-CD3E-4AB3-9E8C-7B4DA836FA1F}.AppStore|x64.ActiveCfg = Release|Any CPU
		{2906BA0A-CD3E-4AB3-9E8C-7B4DA836FA1F}.AppStore|x86.ActiveCfg = Release|Any CPU
		{2906BA0A-CD3E-4AB3-9E8C-7B4DA836FA1F}.Debug|Any CPU.ActiveCfg = Debug|Any CPU
		{2906BA0A-CD3E-4AB3-9E8C-7B4DA836FA1F}.Debug|Any CPU.Build.0 = Debug|Any CPU
		{2906BA0A-CD3E-4AB3-9E8C-7B4DA836FA1F}.Debug|ARM.ActiveCfg = Debug|Any CPU
		{2906BA0A-CD3E-4AB3-9E8C-7B4DA836FA1F}.Debug|iPhone.ActiveCfg = Debug|Any CPU
		{2906BA0A-CD3E-4AB3-9E8C-7B4DA836FA1F}.Debug|iPhoneSimulator.ActiveCfg = Debug|Any CPU
		{2906BA0A-CD3E-4AB3-9E8C-7B4DA836FA1F}.Debug|iPhoneSimulator.Build.0 = Debug|Any CPU
		{2906BA0A-CD3E-4AB3-9E8C-7B4DA836FA1F}.Debug|Mixed Platforms.ActiveCfg = Debug|Any CPU
		{2906BA0A-CD3E-4AB3-9E8C-7B4DA836FA1F}.Debug|Mixed Platforms.Build.0 = Debug|Any CPU
		{2906BA0A-CD3E-4AB3-9E8C-7B4DA836FA1F}.Debug|x64.ActiveCfg = Debug|Any CPU
		{2906BA0A-CD3E-4AB3-9E8C-7B4DA836FA1F}.Debug|x86.ActiveCfg = Debug|Any CPU
		{2906BA0A-CD3E-4AB3-9E8C-7B4DA836FA1F}.Release|Any CPU.ActiveCfg = Release|Any CPU
		{2906BA0A-CD3E-4AB3-9E8C-7B4DA836FA1F}.Release|Any CPU.Build.0 = Release|Any CPU
		{2906BA0A-CD3E-4AB3-9E8C-7B4DA836FA1F}.Release|ARM.ActiveCfg = Release|Any CPU
		{2906BA0A-CD3E-4AB3-9E8C-7B4DA836FA1F}.Release|iPhone.ActiveCfg = Release|Any CPU
		{2906BA0A-CD3E-4AB3-9E8C-7B4DA836FA1F}.Release|iPhoneSimulator.ActiveCfg = Release|Any CPU
		{2906BA0A-CD3E-4AB3-9E8C-7B4DA836FA1F}.Release|Mixed Platforms.ActiveCfg = Release|Any CPU
		{2906BA0A-CD3E-4AB3-9E8C-7B4DA836FA1F}.Release|Mixed Platforms.Build.0 = Release|Any CPU
		{2906BA0A-CD3E-4AB3-9E8C-7B4DA836FA1F}.Release|x64.ActiveCfg = Release|Any CPU
		{2906BA0A-CD3E-4AB3-9E8C-7B4DA836FA1F}.Release|x86.ActiveCfg = Release|Any CPU
		{7FA4C968-DD1C-4938-A98F-AE658B1B2E9B}.Ad-Hoc|Any CPU.ActiveCfg = Release|Any CPU
		{7FA4C968-DD1C-4938-A98F-AE658B1B2E9B}.Ad-Hoc|Any CPU.Build.0 = Release|Any CPU
		{7FA4C968-DD1C-4938-A98F-AE658B1B2E9B}.Ad-Hoc|Any CPU.Deploy.0 = Release|Any CPU
		{7FA4C968-DD1C-4938-A98F-AE658B1B2E9B}.Ad-Hoc|ARM.ActiveCfg = Release|ARM
		{7FA4C968-DD1C-4938-A98F-AE658B1B2E9B}.Ad-Hoc|ARM.Build.0 = Release|ARM
		{7FA4C968-DD1C-4938-A98F-AE658B1B2E9B}.Ad-Hoc|ARM.Deploy.0 = Release|ARM
		{7FA4C968-DD1C-4938-A98F-AE658B1B2E9B}.Ad-Hoc|iPhone.ActiveCfg = Release|Any CPU
		{7FA4C968-DD1C-4938-A98F-AE658B1B2E9B}.Ad-Hoc|iPhoneSimulator.ActiveCfg = Release|Any CPU
		{7FA4C968-DD1C-4938-A98F-AE658B1B2E9B}.Ad-Hoc|Mixed Platforms.ActiveCfg = Release|x86
		{7FA4C968-DD1C-4938-A98F-AE658B1B2E9B}.Ad-Hoc|Mixed Platforms.Build.0 = Release|x86
		{7FA4C968-DD1C-4938-A98F-AE658B1B2E9B}.Ad-Hoc|Mixed Platforms.Deploy.0 = Release|x86
		{7FA4C968-DD1C-4938-A98F-AE658B1B2E9B}.Ad-Hoc|x64.ActiveCfg = Release|x64
		{7FA4C968-DD1C-4938-A98F-AE658B1B2E9B}.Ad-Hoc|x64.Build.0 = Release|x64
		{7FA4C968-DD1C-4938-A98F-AE658B1B2E9B}.Ad-Hoc|x64.Deploy.0 = Release|x64
		{7FA4C968-DD1C-4938-A98F-AE658B1B2E9B}.Ad-Hoc|x86.ActiveCfg = Release|x86
		{7FA4C968-DD1C-4938-A98F-AE658B1B2E9B}.Ad-Hoc|x86.Build.0 = Release|x86
		{7FA4C968-DD1C-4938-A98F-AE658B1B2E9B}.Ad-Hoc|x86.Deploy.0 = Release|x86
		{7FA4C968-DD1C-4938-A98F-AE658B1B2E9B}.AppStore|Any CPU.ActiveCfg = Release|Any CPU
		{7FA4C968-DD1C-4938-A98F-AE658B1B2E9B}.AppStore|Any CPU.Build.0 = Release|Any CPU
		{7FA4C968-DD1C-4938-A98F-AE658B1B2E9B}.AppStore|Any CPU.Deploy.0 = Release|Any CPU
		{7FA4C968-DD1C-4938-A98F-AE658B1B2E9B}.AppStore|ARM.ActiveCfg = Release|ARM
		{7FA4C968-DD1C-4938-A98F-AE658B1B2E9B}.AppStore|ARM.Build.0 = Release|ARM
		{7FA4C968-DD1C-4938-A98F-AE658B1B2E9B}.AppStore|ARM.Deploy.0 = Release|ARM
		{7FA4C968-DD1C-4938-A98F-AE658B1B2E9B}.AppStore|iPhone.ActiveCfg = Release|Any CPU
		{7FA4C968-DD1C-4938-A98F-AE658B1B2E9B}.AppStore|iPhoneSimulator.ActiveCfg = Release|Any CPU
		{7FA4C968-DD1C-4938-A98F-AE658B1B2E9B}.AppStore|Mixed Platforms.ActiveCfg = Release|x86
		{7FA4C968-DD1C-4938-A98F-AE658B1B2E9B}.AppStore|Mixed Platforms.Build.0 = Release|x86
		{7FA4C968-DD1C-4938-A98F-AE658B1B2E9B}.AppStore|Mixed Platforms.Deploy.0 = Release|x86
		{7FA4C968-DD1C-4938-A98F-AE658B1B2E9B}.AppStore|x64.ActiveCfg = Release|x64
		{7FA4C968-DD1C-4938-A98F-AE658B1B2E9B}.AppStore|x64.Build.0 = Release|x64
		{7FA4C968-DD1C-4938-A98F-AE658B1B2E9B}.AppStore|x64.Deploy.0 = Release|x64
		{7FA4C968-DD1C-4938-A98F-AE658B1B2E9B}.AppStore|x86.ActiveCfg = Release|x86
		{7FA4C968-DD1C-4938-A98F-AE658B1B2E9B}.AppStore|x86.Build.0 = Release|x86
		{7FA4C968-DD1C-4938-A98F-AE658B1B2E9B}.AppStore|x86.Deploy.0 = Release|x86
		{7FA4C968-DD1C-4938-A98F-AE658B1B2E9B}.Debug|Any CPU.ActiveCfg = Debug|Any CPU
		{7FA4C968-DD1C-4938-A98F-AE658B1B2E9B}.Debug|Any CPU.Build.0 = Debug|Any CPU
		{7FA4C968-DD1C-4938-A98F-AE658B1B2E9B}.Debug|Any CPU.Deploy.0 = Debug|Any CPU
		{7FA4C968-DD1C-4938-A98F-AE658B1B2E9B}.Debug|ARM.ActiveCfg = Debug|ARM
		{7FA4C968-DD1C-4938-A98F-AE658B1B2E9B}.Debug|ARM.Build.0 = Debug|ARM
		{7FA4C968-DD1C-4938-A98F-AE658B1B2E9B}.Debug|ARM.Deploy.0 = Debug|ARM
		{7FA4C968-DD1C-4938-A98F-AE658B1B2E9B}.Debug|iPhone.ActiveCfg = Debug|Any CPU
		{7FA4C968-DD1C-4938-A98F-AE658B1B2E9B}.Debug|iPhoneSimulator.ActiveCfg = Debug|Any CPU
		{7FA4C968-DD1C-4938-A98F-AE658B1B2E9B}.Debug|Mixed Platforms.ActiveCfg = Debug|x86
		{7FA4C968-DD1C-4938-A98F-AE658B1B2E9B}.Debug|Mixed Platforms.Build.0 = Debug|x86
		{7FA4C968-DD1C-4938-A98F-AE658B1B2E9B}.Debug|Mixed Platforms.Deploy.0 = Debug|x86
		{7FA4C968-DD1C-4938-A98F-AE658B1B2E9B}.Debug|x64.ActiveCfg = Debug|x64
		{7FA4C968-DD1C-4938-A98F-AE658B1B2E9B}.Debug|x64.Build.0 = Debug|x64
		{7FA4C968-DD1C-4938-A98F-AE658B1B2E9B}.Debug|x64.Deploy.0 = Debug|x64
		{7FA4C968-DD1C-4938-A98F-AE658B1B2E9B}.Debug|x86.ActiveCfg = Debug|x86
		{7FA4C968-DD1C-4938-A98F-AE658B1B2E9B}.Debug|x86.Build.0 = Debug|x86
		{7FA4C968-DD1C-4938-A98F-AE658B1B2E9B}.Debug|x86.Deploy.0 = Debug|x86
		{7FA4C968-DD1C-4938-A98F-AE658B1B2E9B}.Release|Any CPU.ActiveCfg = Release|Any CPU
		{7FA4C968-DD1C-4938-A98F-AE658B1B2E9B}.Release|Any CPU.Build.0 = Release|Any CPU
		{7FA4C968-DD1C-4938-A98F-AE658B1B2E9B}.Release|Any CPU.Deploy.0 = Release|Any CPU
		{7FA4C968-DD1C-4938-A98F-AE658B1B2E9B}.Release|ARM.ActiveCfg = Release|ARM
		{7FA4C968-DD1C-4938-A98F-AE658B1B2E9B}.Release|ARM.Build.0 = Release|ARM
		{7FA4C968-DD1C-4938-A98F-AE658B1B2E9B}.Release|ARM.Deploy.0 = Release|ARM
		{7FA4C968-DD1C-4938-A98F-AE658B1B2E9B}.Release|iPhone.ActiveCfg = Release|Any CPU
		{7FA4C968-DD1C-4938-A98F-AE658B1B2E9B}.Release|iPhoneSimulator.ActiveCfg = Release|Any CPU
		{7FA4C968-DD1C-4938-A98F-AE658B1B2E9B}.Release|Mixed Platforms.ActiveCfg = Release|x86
		{7FA4C968-DD1C-4938-A98F-AE658B1B2E9B}.Release|Mixed Platforms.Build.0 = Release|x86
		{7FA4C968-DD1C-4938-A98F-AE658B1B2E9B}.Release|Mixed Platforms.Deploy.0 = Release|x86
		{7FA4C968-DD1C-4938-A98F-AE658B1B2E9B}.Release|x64.ActiveCfg = Release|x64
		{7FA4C968-DD1C-4938-A98F-AE658B1B2E9B}.Release|x64.Build.0 = Release|x64
		{7FA4C968-DD1C-4938-A98F-AE658B1B2E9B}.Release|x64.Deploy.0 = Release|x64
		{7FA4C968-DD1C-4938-A98F-AE658B1B2E9B}.Release|x86.ActiveCfg = Release|x86
		{7FA4C968-DD1C-4938-A98F-AE658B1B2E9B}.Release|x86.Build.0 = Release|x86
		{7FA4C968-DD1C-4938-A98F-AE658B1B2E9B}.Release|x86.Deploy.0 = Release|x86
		{8943A132-73F9-4C5C-B7D3-D19CB073B21E}.Ad-Hoc|Any CPU.ActiveCfg = Release|Any CPU
		{8943A132-73F9-4C5C-B7D3-D19CB073B21E}.Ad-Hoc|Any CPU.Build.0 = Release|Any CPU
		{8943A132-73F9-4C5C-B7D3-D19CB073B21E}.Ad-Hoc|Any CPU.Deploy.0 = Release|Any CPU
		{8943A132-73F9-4C5C-B7D3-D19CB073B21E}.Ad-Hoc|ARM.ActiveCfg = Release|ARM
		{8943A132-73F9-4C5C-B7D3-D19CB073B21E}.Ad-Hoc|ARM.Build.0 = Release|ARM
		{8943A132-73F9-4C5C-B7D3-D19CB073B21E}.Ad-Hoc|ARM.Deploy.0 = Release|ARM
		{8943A132-73F9-4C5C-B7D3-D19CB073B21E}.Ad-Hoc|iPhone.ActiveCfg = Release|Any CPU
		{8943A132-73F9-4C5C-B7D3-D19CB073B21E}.Ad-Hoc|iPhoneSimulator.ActiveCfg = Release|Any CPU
		{8943A132-73F9-4C5C-B7D3-D19CB073B21E}.Ad-Hoc|Mixed Platforms.ActiveCfg = Release|x86
		{8943A132-73F9-4C5C-B7D3-D19CB073B21E}.Ad-Hoc|Mixed Platforms.Build.0 = Release|x86
		{8943A132-73F9-4C5C-B7D3-D19CB073B21E}.Ad-Hoc|Mixed Platforms.Deploy.0 = Release|x86
		{8943A132-73F9-4C5C-B7D3-D19CB073B21E}.Ad-Hoc|x64.ActiveCfg = Release|Any CPU
		{8943A132-73F9-4C5C-B7D3-D19CB073B21E}.Ad-Hoc|x86.ActiveCfg = Release|x86
		{8943A132-73F9-4C5C-B7D3-D19CB073B21E}.Ad-Hoc|x86.Build.0 = Release|x86
		{8943A132-73F9-4C5C-B7D3-D19CB073B21E}.Ad-Hoc|x86.Deploy.0 = Release|x86
		{8943A132-73F9-4C5C-B7D3-D19CB073B21E}.AppStore|Any CPU.ActiveCfg = Release|Any CPU
		{8943A132-73F9-4C5C-B7D3-D19CB073B21E}.AppStore|Any CPU.Build.0 = Release|Any CPU
		{8943A132-73F9-4C5C-B7D3-D19CB073B21E}.AppStore|Any CPU.Deploy.0 = Release|Any CPU
		{8943A132-73F9-4C5C-B7D3-D19CB073B21E}.AppStore|ARM.ActiveCfg = Release|ARM
		{8943A132-73F9-4C5C-B7D3-D19CB073B21E}.AppStore|ARM.Build.0 = Release|ARM
		{8943A132-73F9-4C5C-B7D3-D19CB073B21E}.AppStore|ARM.Deploy.0 = Release|ARM
		{8943A132-73F9-4C5C-B7D3-D19CB073B21E}.AppStore|iPhone.ActiveCfg = Release|Any CPU
		{8943A132-73F9-4C5C-B7D3-D19CB073B21E}.AppStore|iPhoneSimulator.ActiveCfg = Release|Any CPU
		{8943A132-73F9-4C5C-B7D3-D19CB073B21E}.AppStore|Mixed Platforms.ActiveCfg = Release|x86
		{8943A132-73F9-4C5C-B7D3-D19CB073B21E}.AppStore|Mixed Platforms.Build.0 = Release|x86
		{8943A132-73F9-4C5C-B7D3-D19CB073B21E}.AppStore|Mixed Platforms.Deploy.0 = Release|x86
		{8943A132-73F9-4C5C-B7D3-D19CB073B21E}.AppStore|x64.ActiveCfg = Release|Any CPU
		{8943A132-73F9-4C5C-B7D3-D19CB073B21E}.AppStore|x86.ActiveCfg = Release|x86
		{8943A132-73F9-4C5C-B7D3-D19CB073B21E}.AppStore|x86.Build.0 = Release|x86
		{8943A132-73F9-4C5C-B7D3-D19CB073B21E}.AppStore|x86.Deploy.0 = Release|x86
		{8943A132-73F9-4C5C-B7D3-D19CB073B21E}.Debug|Any CPU.ActiveCfg = Debug|Any CPU
		{8943A132-73F9-4C5C-B7D3-D19CB073B21E}.Debug|Any CPU.Build.0 = Debug|Any CPU
		{8943A132-73F9-4C5C-B7D3-D19CB073B21E}.Debug|Any CPU.Deploy.0 = Debug|Any CPU
		{8943A132-73F9-4C5C-B7D3-D19CB073B21E}.Debug|ARM.ActiveCfg = Debug|ARM
		{8943A132-73F9-4C5C-B7D3-D19CB073B21E}.Debug|ARM.Build.0 = Debug|ARM
		{8943A132-73F9-4C5C-B7D3-D19CB073B21E}.Debug|ARM.Deploy.0 = Debug|ARM
		{8943A132-73F9-4C5C-B7D3-D19CB073B21E}.Debug|iPhone.ActiveCfg = Debug|Any CPU
		{8943A132-73F9-4C5C-B7D3-D19CB073B21E}.Debug|iPhoneSimulator.ActiveCfg = Debug|Any CPU
		{8943A132-73F9-4C5C-B7D3-D19CB073B21E}.Debug|Mixed Platforms.ActiveCfg = Debug|x86
		{8943A132-73F9-4C5C-B7D3-D19CB073B21E}.Debug|Mixed Platforms.Build.0 = Debug|x86
		{8943A132-73F9-4C5C-B7D3-D19CB073B21E}.Debug|Mixed Platforms.Deploy.0 = Debug|x86
		{8943A132-73F9-4C5C-B7D3-D19CB073B21E}.Debug|x64.ActiveCfg = Debug|Any CPU
		{8943A132-73F9-4C5C-B7D3-D19CB073B21E}.Debug|x86.ActiveCfg = Debug|x86
		{8943A132-73F9-4C5C-B7D3-D19CB073B21E}.Debug|x86.Build.0 = Debug|x86
		{8943A132-73F9-4C5C-B7D3-D19CB073B21E}.Debug|x86.Deploy.0 = Debug|x86
		{8943A132-73F9-4C5C-B7D3-D19CB073B21E}.Release|Any CPU.ActiveCfg = Release|Any CPU
		{8943A132-73F9-4C5C-B7D3-D19CB073B21E}.Release|Any CPU.Build.0 = Release|Any CPU
		{8943A132-73F9-4C5C-B7D3-D19CB073B21E}.Release|Any CPU.Deploy.0 = Release|Any CPU
		{8943A132-73F9-4C5C-B7D3-D19CB073B21E}.Release|ARM.ActiveCfg = Release|ARM
		{8943A132-73F9-4C5C-B7D3-D19CB073B21E}.Release|ARM.Build.0 = Release|ARM
		{8943A132-73F9-4C5C-B7D3-D19CB073B21E}.Release|ARM.Deploy.0 = Release|ARM
		{8943A132-73F9-4C5C-B7D3-D19CB073B21E}.Release|iPhone.ActiveCfg = Release|Any CPU
		{8943A132-73F9-4C5C-B7D3-D19CB073B21E}.Release|iPhoneSimulator.ActiveCfg = Release|Any CPU
		{8943A132-73F9-4C5C-B7D3-D19CB073B21E}.Release|Mixed Platforms.ActiveCfg = Release|x86
		{8943A132-73F9-4C5C-B7D3-D19CB073B21E}.Release|Mixed Platforms.Build.0 = Release|x86
		{8943A132-73F9-4C5C-B7D3-D19CB073B21E}.Release|Mixed Platforms.Deploy.0 = Release|x86
		{8943A132-73F9-4C5C-B7D3-D19CB073B21E}.Release|x64.ActiveCfg = Release|Any CPU
		{8943A132-73F9-4C5C-B7D3-D19CB073B21E}.Release|x86.ActiveCfg = Release|x86
		{8943A132-73F9-4C5C-B7D3-D19CB073B21E}.Release|x86.Build.0 = Release|x86
		{8943A132-73F9-4C5C-B7D3-D19CB073B21E}.Release|x86.Deploy.0 = Release|x86
		{5989E91B-7DA1-46CD-AC43-668E38CC43E7}.Ad-Hoc|Any CPU.ActiveCfg = Release|Any CPU
		{5989E91B-7DA1-46CD-AC43-668E38CC43E7}.Ad-Hoc|Any CPU.Build.0 = Release|Any CPU
		{5989E91B-7DA1-46CD-AC43-668E38CC43E7}.Ad-Hoc|Any CPU.Deploy.0 = Release|Any CPU
		{5989E91B-7DA1-46CD-AC43-668E38CC43E7}.Ad-Hoc|ARM.ActiveCfg = Release|Any CPU
		{5989E91B-7DA1-46CD-AC43-668E38CC43E7}.Ad-Hoc|iPhone.ActiveCfg = Release|Any CPU
		{5989E91B-7DA1-46CD-AC43-668E38CC43E7}.Ad-Hoc|iPhoneSimulator.ActiveCfg = Release|Any CPU
		{5989E91B-7DA1-46CD-AC43-668E38CC43E7}.Ad-Hoc|Mixed Platforms.ActiveCfg = Release|Any CPU
		{5989E91B-7DA1-46CD-AC43-668E38CC43E7}.Ad-Hoc|Mixed Platforms.Build.0 = Release|Any CPU
		{5989E91B-7DA1-46CD-AC43-668E38CC43E7}.Ad-Hoc|Mixed Platforms.Deploy.0 = Release|Any CPU
		{5989E91B-7DA1-46CD-AC43-668E38CC43E7}.Ad-Hoc|x64.ActiveCfg = Release|Any CPU
		{5989E91B-7DA1-46CD-AC43-668E38CC43E7}.Ad-Hoc|x86.ActiveCfg = Release|Any CPU
		{5989E91B-7DA1-46CD-AC43-668E38CC43E7}.AppStore|Any CPU.ActiveCfg = Release|Any CPU
		{5989E91B-7DA1-46CD-AC43-668E38CC43E7}.AppStore|Any CPU.Build.0 = Release|Any CPU
		{5989E91B-7DA1-46CD-AC43-668E38CC43E7}.AppStore|Any CPU.Deploy.0 = Release|Any CPU
		{5989E91B-7DA1-46CD-AC43-668E38CC43E7}.AppStore|ARM.ActiveCfg = Release|Any CPU
		{5989E91B-7DA1-46CD-AC43-668E38CC43E7}.AppStore|iPhone.ActiveCfg = Release|Any CPU
		{5989E91B-7DA1-46CD-AC43-668E38CC43E7}.AppStore|iPhoneSimulator.ActiveCfg = Release|Any CPU
		{5989E91B-7DA1-46CD-AC43-668E38CC43E7}.AppStore|Mixed Platforms.ActiveCfg = Release|Any CPU
		{5989E91B-7DA1-46CD-AC43-668E38CC43E7}.AppStore|Mixed Platforms.Build.0 = Release|Any CPU
		{5989E91B-7DA1-46CD-AC43-668E38CC43E7}.AppStore|Mixed Platforms.Deploy.0 = Release|Any CPU
		{5989E91B-7DA1-46CD-AC43-668E38CC43E7}.AppStore|x64.ActiveCfg = Release|Any CPU
		{5989E91B-7DA1-46CD-AC43-668E38CC43E7}.AppStore|x86.ActiveCfg = Release|Any CPU
		{5989E91B-7DA1-46CD-AC43-668E38CC43E7}.Debug|Any CPU.ActiveCfg = Debug|Any CPU
		{5989E91B-7DA1-46CD-AC43-668E38CC43E7}.Debug|Any CPU.Build.0 = Debug|Any CPU
		{5989E91B-7DA1-46CD-AC43-668E38CC43E7}.Debug|Any CPU.Deploy.0 = Debug|Any CPU
		{5989E91B-7DA1-46CD-AC43-668E38CC43E7}.Debug|ARM.ActiveCfg = Debug|Any CPU
		{5989E91B-7DA1-46CD-AC43-668E38CC43E7}.Debug|iPhone.ActiveCfg = Debug|Any CPU
		{5989E91B-7DA1-46CD-AC43-668E38CC43E7}.Debug|iPhoneSimulator.ActiveCfg = Debug|Any CPU
		{5989E91B-7DA1-46CD-AC43-668E38CC43E7}.Debug|Mixed Platforms.ActiveCfg = Debug|Any CPU
		{5989E91B-7DA1-46CD-AC43-668E38CC43E7}.Debug|Mixed Platforms.Build.0 = Debug|Any CPU
		{5989E91B-7DA1-46CD-AC43-668E38CC43E7}.Debug|Mixed Platforms.Deploy.0 = Debug|Any CPU
		{5989E91B-7DA1-46CD-AC43-668E38CC43E7}.Debug|x64.ActiveCfg = Debug|Any CPU
		{5989E91B-7DA1-46CD-AC43-668E38CC43E7}.Debug|x86.ActiveCfg = Debug|Any CPU
		{5989E91B-7DA1-46CD-AC43-668E38CC43E7}.Release|Any CPU.ActiveCfg = Release|Any CPU
		{5989E91B-7DA1-46CD-AC43-668E38CC43E7}.Release|Any CPU.Build.0 = Release|Any CPU
		{5989E91B-7DA1-46CD-AC43-668E38CC43E7}.Release|Any CPU.Deploy.0 = Release|Any CPU
		{5989E91B-7DA1-46CD-AC43-668E38CC43E7}.Release|ARM.ActiveCfg = Release|Any CPU
		{5989E91B-7DA1-46CD-AC43-668E38CC43E7}.Release|iPhone.ActiveCfg = Release|Any CPU
		{5989E91B-7DA1-46CD-AC43-668E38CC43E7}.Release|iPhoneSimulator.ActiveCfg = Release|Any CPU
		{5989E91B-7DA1-46CD-AC43-668E38CC43E7}.Release|Mixed Platforms.ActiveCfg = Release|Any CPU
		{5989E91B-7DA1-46CD-AC43-668E38CC43E7}.Release|Mixed Platforms.Build.0 = Release|Any CPU
		{5989E91B-7DA1-46CD-AC43-668E38CC43E7}.Release|Mixed Platforms.Deploy.0 = Release|Any CPU
		{5989E91B-7DA1-46CD-AC43-668E38CC43E7}.Release|x64.ActiveCfg = Release|Any CPU
		{5989E91B-7DA1-46CD-AC43-668E38CC43E7}.Release|x86.ActiveCfg = Release|Any CPU
		{4B4B929A-3F2F-40A3-AC93-ECC7916F35C0}.Ad-Hoc|Any CPU.ActiveCfg = Release|Any CPU
		{4B4B929A-3F2F-40A3-AC93-ECC7916F35C0}.Ad-Hoc|Any CPU.Build.0 = Release|Any CPU
		{4B4B929A-3F2F-40A3-AC93-ECC7916F35C0}.Ad-Hoc|Any CPU.Deploy.0 = Release|Any CPU
		{4B4B929A-3F2F-40A3-AC93-ECC7916F35C0}.Ad-Hoc|ARM.ActiveCfg = Release|Any CPU
		{4B4B929A-3F2F-40A3-AC93-ECC7916F35C0}.Ad-Hoc|iPhone.ActiveCfg = Release|Any CPU
		{4B4B929A-3F2F-40A3-AC93-ECC7916F35C0}.Ad-Hoc|iPhoneSimulator.ActiveCfg = Release|Any CPU
		{4B4B929A-3F2F-40A3-AC93-ECC7916F35C0}.Ad-Hoc|Mixed Platforms.ActiveCfg = Release|Any CPU
		{4B4B929A-3F2F-40A3-AC93-ECC7916F35C0}.Ad-Hoc|Mixed Platforms.Build.0 = Release|Any CPU
		{4B4B929A-3F2F-40A3-AC93-ECC7916F35C0}.Ad-Hoc|Mixed Platforms.Deploy.0 = Release|Any CPU
		{4B4B929A-3F2F-40A3-AC93-ECC7916F35C0}.Ad-Hoc|x64.ActiveCfg = Release|Any CPU
		{4B4B929A-3F2F-40A3-AC93-ECC7916F35C0}.Ad-Hoc|x86.ActiveCfg = Release|Any CPU
		{4B4B929A-3F2F-40A3-AC93-ECC7916F35C0}.AppStore|Any CPU.ActiveCfg = Release|Any CPU
		{4B4B929A-3F2F-40A3-AC93-ECC7916F35C0}.AppStore|Any CPU.Build.0 = Release|Any CPU
		{4B4B929A-3F2F-40A3-AC93-ECC7916F35C0}.AppStore|Any CPU.Deploy.0 = Release|Any CPU
		{4B4B929A-3F2F-40A3-AC93-ECC7916F35C0}.AppStore|ARM.ActiveCfg = Release|Any CPU
		{4B4B929A-3F2F-40A3-AC93-ECC7916F35C0}.AppStore|iPhone.ActiveCfg = Release|Any CPU
		{4B4B929A-3F2F-40A3-AC93-ECC7916F35C0}.AppStore|iPhoneSimulator.ActiveCfg = Release|Any CPU
		{4B4B929A-3F2F-40A3-AC93-ECC7916F35C0}.AppStore|Mixed Platforms.ActiveCfg = Release|Any CPU
		{4B4B929A-3F2F-40A3-AC93-ECC7916F35C0}.AppStore|Mixed Platforms.Build.0 = Release|Any CPU
		{4B4B929A-3F2F-40A3-AC93-ECC7916F35C0}.AppStore|Mixed Platforms.Deploy.0 = Release|Any CPU
		{4B4B929A-3F2F-40A3-AC93-ECC7916F35C0}.AppStore|x64.ActiveCfg = Release|Any CPU
		{4B4B929A-3F2F-40A3-AC93-ECC7916F35C0}.AppStore|x86.ActiveCfg = Release|Any CPU
		{4B4B929A-3F2F-40A3-AC93-ECC7916F35C0}.Debug|Any CPU.ActiveCfg = Debug|Any CPU
		{4B4B929A-3F2F-40A3-AC93-ECC7916F35C0}.Debug|Any CPU.Build.0 = Debug|Any CPU
		{4B4B929A-3F2F-40A3-AC93-ECC7916F35C0}.Debug|Any CPU.Deploy.0 = Debug|Any CPU
		{4B4B929A-3F2F-40A3-AC93-ECC7916F35C0}.Debug|ARM.ActiveCfg = Debug|Any CPU
		{4B4B929A-3F2F-40A3-AC93-ECC7916F35C0}.Debug|iPhone.ActiveCfg = Debug|Any CPU
		{4B4B929A-3F2F-40A3-AC93-ECC7916F35C0}.Debug|iPhoneSimulator.ActiveCfg = Debug|Any CPU
		{4B4B929A-3F2F-40A3-AC93-ECC7916F35C0}.Debug|Mixed Platforms.ActiveCfg = Debug|Any CPU
		{4B4B929A-3F2F-40A3-AC93-ECC7916F35C0}.Debug|Mixed Platforms.Build.0 = Debug|Any CPU
		{4B4B929A-3F2F-40A3-AC93-ECC7916F35C0}.Debug|Mixed Platforms.Deploy.0 = Debug|Any CPU
		{4B4B929A-3F2F-40A3-AC93-ECC7916F35C0}.Debug|x64.ActiveCfg = Debug|Any CPU
		{4B4B929A-3F2F-40A3-AC93-ECC7916F35C0}.Debug|x86.ActiveCfg = Debug|Any CPU
		{4B4B929A-3F2F-40A3-AC93-ECC7916F35C0}.Release|Any CPU.ActiveCfg = Release|Any CPU
		{4B4B929A-3F2F-40A3-AC93-ECC7916F35C0}.Release|Any CPU.Build.0 = Release|Any CPU
		{4B4B929A-3F2F-40A3-AC93-ECC7916F35C0}.Release|Any CPU.Deploy.0 = Release|Any CPU
		{4B4B929A-3F2F-40A3-AC93-ECC7916F35C0}.Release|ARM.ActiveCfg = Release|Any CPU
		{4B4B929A-3F2F-40A3-AC93-ECC7916F35C0}.Release|iPhone.ActiveCfg = Release|Any CPU
		{4B4B929A-3F2F-40A3-AC93-ECC7916F35C0}.Release|iPhoneSimulator.ActiveCfg = Release|Any CPU
		{4B4B929A-3F2F-40A3-AC93-ECC7916F35C0}.Release|Mixed Platforms.ActiveCfg = Release|Any CPU
		{4B4B929A-3F2F-40A3-AC93-ECC7916F35C0}.Release|Mixed Platforms.Build.0 = Release|Any CPU
		{4B4B929A-3F2F-40A3-AC93-ECC7916F35C0}.Release|Mixed Platforms.Deploy.0 = Release|Any CPU
		{4B4B929A-3F2F-40A3-AC93-ECC7916F35C0}.Release|x64.ActiveCfg = Release|Any CPU
		{4B4B929A-3F2F-40A3-AC93-ECC7916F35C0}.Release|x64.Build.0 = Release|Any CPU
		{4B4B929A-3F2F-40A3-AC93-ECC7916F35C0}.Release|x64.Deploy.0 = Release|Any CPU
		{4B4B929A-3F2F-40A3-AC93-ECC7916F35C0}.Release|x86.ActiveCfg = Release|Any CPU
		{46918AE0-CFED-48BE-8578-884D249EC936}.Ad-Hoc|Any CPU.ActiveCfg = Ad-Hoc|iPhone
		{46918AE0-CFED-48BE-8578-884D249EC936}.Ad-Hoc|ARM.ActiveCfg = Ad-Hoc|iPhone
		{46918AE0-CFED-48BE-8578-884D249EC936}.Ad-Hoc|iPhone.ActiveCfg = Ad-Hoc|iPhone
		{46918AE0-CFED-48BE-8578-884D249EC936}.Ad-Hoc|iPhone.Build.0 = Ad-Hoc|iPhone
		{46918AE0-CFED-48BE-8578-884D249EC936}.Ad-Hoc|iPhoneSimulator.ActiveCfg = Ad-Hoc|iPhoneSimulator
		{46918AE0-CFED-48BE-8578-884D249EC936}.Ad-Hoc|iPhoneSimulator.Build.0 = Ad-Hoc|iPhoneSimulator
		{46918AE0-CFED-48BE-8578-884D249EC936}.Ad-Hoc|Mixed Platforms.ActiveCfg = Ad-Hoc|iPhone
		{46918AE0-CFED-48BE-8578-884D249EC936}.Ad-Hoc|Mixed Platforms.Build.0 = Ad-Hoc|iPhone
		{46918AE0-CFED-48BE-8578-884D249EC936}.Ad-Hoc|x64.ActiveCfg = Ad-Hoc|iPhone
		{46918AE0-CFED-48BE-8578-884D249EC936}.Ad-Hoc|x86.ActiveCfg = Ad-Hoc|iPhone
		{46918AE0-CFED-48BE-8578-884D249EC936}.AppStore|Any CPU.ActiveCfg = AppStore|iPhone
		{46918AE0-CFED-48BE-8578-884D249EC936}.AppStore|ARM.ActiveCfg = AppStore|iPhone
		{46918AE0-CFED-48BE-8578-884D249EC936}.AppStore|iPhone.ActiveCfg = AppStore|iPhone
		{46918AE0-CFED-48BE-8578-884D249EC936}.AppStore|iPhone.Build.0 = AppStore|iPhone
		{46918AE0-CFED-48BE-8578-884D249EC936}.AppStore|iPhoneSimulator.ActiveCfg = AppStore|iPhoneSimulator
		{46918AE0-CFED-48BE-8578-884D249EC936}.AppStore|iPhoneSimulator.Build.0 = AppStore|iPhoneSimulator
		{46918AE0-CFED-48BE-8578-884D249EC936}.AppStore|Mixed Platforms.ActiveCfg = AppStore|iPhone
		{46918AE0-CFED-48BE-8578-884D249EC936}.AppStore|Mixed Platforms.Build.0 = AppStore|iPhone
		{46918AE0-CFED-48BE-8578-884D249EC936}.AppStore|x64.ActiveCfg = AppStore|iPhone
		{46918AE0-CFED-48BE-8578-884D249EC936}.AppStore|x86.ActiveCfg = AppStore|iPhone
		{46918AE0-CFED-48BE-8578-884D249EC936}.Debug|Any CPU.ActiveCfg = Debug|iPhone
		{46918AE0-CFED-48BE-8578-884D249EC936}.Debug|ARM.ActiveCfg = Debug|iPhone
		{46918AE0-CFED-48BE-8578-884D249EC936}.Debug|iPhone.ActiveCfg = Debug|iPhone
		{46918AE0-CFED-48BE-8578-884D249EC936}.Debug|iPhone.Build.0 = Debug|iPhone
		{46918AE0-CFED-48BE-8578-884D249EC936}.Debug|iPhoneSimulator.ActiveCfg = Debug|iPhoneSimulator
		{46918AE0-CFED-48BE-8578-884D249EC936}.Debug|iPhoneSimulator.Build.0 = Debug|iPhoneSimulator
		{46918AE0-CFED-48BE-8578-884D249EC936}.Debug|Mixed Platforms.ActiveCfg = Debug|iPhone
		{46918AE0-CFED-48BE-8578-884D249EC936}.Debug|Mixed Platforms.Build.0 = Debug|iPhone
		{46918AE0-CFED-48BE-8578-884D249EC936}.Debug|x64.ActiveCfg = Debug|iPhone
		{46918AE0-CFED-48BE-8578-884D249EC936}.Debug|x86.ActiveCfg = Debug|iPhone
		{46918AE0-CFED-48BE-8578-884D249EC936}.Release|Any CPU.ActiveCfg = Release|iPhone
		{46918AE0-CFED-48BE-8578-884D249EC936}.Release|ARM.ActiveCfg = Release|iPhone
		{46918AE0-CFED-48BE-8578-884D249EC936}.Release|iPhone.ActiveCfg = Release|iPhone
		{46918AE0-CFED-48BE-8578-884D249EC936}.Release|iPhone.Build.0 = Release|iPhone
		{46918AE0-CFED-48BE-8578-884D249EC936}.Release|iPhoneSimulator.ActiveCfg = Release|iPhoneSimulator
		{46918AE0-CFED-48BE-8578-884D249EC936}.Release|iPhoneSimulator.Build.0 = Release|iPhoneSimulator
		{46918AE0-CFED-48BE-8578-884D249EC936}.Release|Mixed Platforms.ActiveCfg = Release|iPhone
		{46918AE0-CFED-48BE-8578-884D249EC936}.Release|Mixed Platforms.Build.0 = Release|iPhone
		{46918AE0-CFED-48BE-8578-884D249EC936}.Release|x64.ActiveCfg = Release|iPhone
		{46918AE0-CFED-48BE-8578-884D249EC936}.Release|x86.ActiveCfg = Release|iPhone
		{61240B5D-FD9F-4DD9-8F8B-FDE6BF4E8BFD}.Ad-Hoc|Any CPU.ActiveCfg = Ad-Hoc|iPhone
		{61240B5D-FD9F-4DD9-8F8B-FDE6BF4E8BFD}.Ad-Hoc|ARM.ActiveCfg = Ad-Hoc|iPhone
		{61240B5D-FD9F-4DD9-8F8B-FDE6BF4E8BFD}.Ad-Hoc|iPhone.ActiveCfg = Ad-Hoc|iPhone
		{61240B5D-FD9F-4DD9-8F8B-FDE6BF4E8BFD}.Ad-Hoc|iPhone.Build.0 = Ad-Hoc|iPhone
		{61240B5D-FD9F-4DD9-8F8B-FDE6BF4E8BFD}.Ad-Hoc|iPhoneSimulator.ActiveCfg = Ad-Hoc|iPhoneSimulator
		{61240B5D-FD9F-4DD9-8F8B-FDE6BF4E8BFD}.Ad-Hoc|iPhoneSimulator.Build.0 = Ad-Hoc|iPhoneSimulator
		{61240B5D-FD9F-4DD9-8F8B-FDE6BF4E8BFD}.Ad-Hoc|Mixed Platforms.ActiveCfg = Ad-Hoc|iPhone
		{61240B5D-FD9F-4DD9-8F8B-FDE6BF4E8BFD}.Ad-Hoc|Mixed Platforms.Build.0 = Ad-Hoc|iPhone
		{61240B5D-FD9F-4DD9-8F8B-FDE6BF4E8BFD}.Ad-Hoc|x64.ActiveCfg = Ad-Hoc|iPhone
		{61240B5D-FD9F-4DD9-8F8B-FDE6BF4E8BFD}.Ad-Hoc|x86.ActiveCfg = Ad-Hoc|iPhone
		{61240B5D-FD9F-4DD9-8F8B-FDE6BF4E8BFD}.AppStore|Any CPU.ActiveCfg = AppStore|iPhone
		{61240B5D-FD9F-4DD9-8F8B-FDE6BF4E8BFD}.AppStore|ARM.ActiveCfg = AppStore|iPhone
		{61240B5D-FD9F-4DD9-8F8B-FDE6BF4E8BFD}.AppStore|iPhone.ActiveCfg = AppStore|iPhone
		{61240B5D-FD9F-4DD9-8F8B-FDE6BF4E8BFD}.AppStore|iPhone.Build.0 = AppStore|iPhone
		{61240B5D-FD9F-4DD9-8F8B-FDE6BF4E8BFD}.AppStore|iPhoneSimulator.ActiveCfg = AppStore|iPhoneSimulator
		{61240B5D-FD9F-4DD9-8F8B-FDE6BF4E8BFD}.AppStore|iPhoneSimulator.Build.0 = AppStore|iPhoneSimulator
		{61240B5D-FD9F-4DD9-8F8B-FDE6BF4E8BFD}.AppStore|Mixed Platforms.ActiveCfg = AppStore|iPhone
		{61240B5D-FD9F-4DD9-8F8B-FDE6BF4E8BFD}.AppStore|Mixed Platforms.Build.0 = AppStore|iPhone
		{61240B5D-FD9F-4DD9-8F8B-FDE6BF4E8BFD}.AppStore|x64.ActiveCfg = AppStore|iPhone
		{61240B5D-FD9F-4DD9-8F8B-FDE6BF4E8BFD}.AppStore|x86.ActiveCfg = AppStore|iPhone
		{61240B5D-FD9F-4DD9-8F8B-FDE6BF4E8BFD}.Debug|Any CPU.ActiveCfg = Debug|iPhone
		{61240B5D-FD9F-4DD9-8F8B-FDE6BF4E8BFD}.Debug|ARM.ActiveCfg = Debug|iPhone
		{61240B5D-FD9F-4DD9-8F8B-FDE6BF4E8BFD}.Debug|iPhone.ActiveCfg = Debug|iPhone
		{61240B5D-FD9F-4DD9-8F8B-FDE6BF4E8BFD}.Debug|iPhone.Build.0 = Debug|iPhone
		{61240B5D-FD9F-4DD9-8F8B-FDE6BF4E8BFD}.Debug|iPhoneSimulator.ActiveCfg = Debug|iPhoneSimulator
		{61240B5D-FD9F-4DD9-8F8B-FDE6BF4E8BFD}.Debug|iPhoneSimulator.Build.0 = Debug|iPhoneSimulator
		{61240B5D-FD9F-4DD9-8F8B-FDE6BF4E8BFD}.Debug|Mixed Platforms.ActiveCfg = Debug|iPhone
		{61240B5D-FD9F-4DD9-8F8B-FDE6BF4E8BFD}.Debug|Mixed Platforms.Build.0 = Debug|iPhone
		{61240B5D-FD9F-4DD9-8F8B-FDE6BF4E8BFD}.Debug|x64.ActiveCfg = Debug|iPhone
		{61240B5D-FD9F-4DD9-8F8B-FDE6BF4E8BFD}.Debug|x86.ActiveCfg = Debug|iPhone
		{61240B5D-FD9F-4DD9-8F8B-FDE6BF4E8BFD}.Release|Any CPU.ActiveCfg = Release|iPhone
		{61240B5D-FD9F-4DD9-8F8B-FDE6BF4E8BFD}.Release|ARM.ActiveCfg = Release|iPhone
		{61240B5D-FD9F-4DD9-8F8B-FDE6BF4E8BFD}.Release|iPhone.ActiveCfg = Release|iPhone
		{61240B5D-FD9F-4DD9-8F8B-FDE6BF4E8BFD}.Release|iPhone.Build.0 = Release|iPhone
		{61240B5D-FD9F-4DD9-8F8B-FDE6BF4E8BFD}.Release|iPhoneSimulator.ActiveCfg = Release|iPhoneSimulator
		{61240B5D-FD9F-4DD9-8F8B-FDE6BF4E8BFD}.Release|iPhoneSimulator.Build.0 = Release|iPhoneSimulator
		{61240B5D-FD9F-4DD9-8F8B-FDE6BF4E8BFD}.Release|Mixed Platforms.ActiveCfg = Release|iPhone
		{61240B5D-FD9F-4DD9-8F8B-FDE6BF4E8BFD}.Release|Mixed Platforms.Build.0 = Release|iPhone
		{61240B5D-FD9F-4DD9-8F8B-FDE6BF4E8BFD}.Release|x64.ActiveCfg = Release|iPhone
		{61240B5D-FD9F-4DD9-8F8B-FDE6BF4E8BFD}.Release|x86.ActiveCfg = Release|iPhone
		{C1C9F027-61B2-4BBD-B5D2-7501198E8E87}.Ad-Hoc|Any CPU.ActiveCfg = Ad-Hoc|iPhone
		{C1C9F027-61B2-4BBD-B5D2-7501198E8E87}.Ad-Hoc|ARM.ActiveCfg = Ad-Hoc|iPhone
		{C1C9F027-61B2-4BBD-B5D2-7501198E8E87}.Ad-Hoc|iPhone.ActiveCfg = Ad-Hoc|iPhone
		{C1C9F027-61B2-4BBD-B5D2-7501198E8E87}.Ad-Hoc|iPhone.Build.0 = Ad-Hoc|iPhone
		{C1C9F027-61B2-4BBD-B5D2-7501198E8E87}.Ad-Hoc|iPhoneSimulator.ActiveCfg = Ad-Hoc|iPhoneSimulator
		{C1C9F027-61B2-4BBD-B5D2-7501198E8E87}.Ad-Hoc|iPhoneSimulator.Build.0 = Ad-Hoc|iPhoneSimulator
		{C1C9F027-61B2-4BBD-B5D2-7501198E8E87}.Ad-Hoc|Mixed Platforms.ActiveCfg = Ad-Hoc|iPhone
		{C1C9F027-61B2-4BBD-B5D2-7501198E8E87}.Ad-Hoc|Mixed Platforms.Build.0 = Ad-Hoc|iPhone
		{C1C9F027-61B2-4BBD-B5D2-7501198E8E87}.Ad-Hoc|x64.ActiveCfg = Ad-Hoc|iPhone
		{C1C9F027-61B2-4BBD-B5D2-7501198E8E87}.Ad-Hoc|x86.ActiveCfg = Ad-Hoc|iPhone
		{C1C9F027-61B2-4BBD-B5D2-7501198E8E87}.AppStore|Any CPU.ActiveCfg = AppStore|iPhone
		{C1C9F027-61B2-4BBD-B5D2-7501198E8E87}.AppStore|ARM.ActiveCfg = AppStore|iPhone
		{C1C9F027-61B2-4BBD-B5D2-7501198E8E87}.AppStore|iPhone.ActiveCfg = AppStore|iPhone
		{C1C9F027-61B2-4BBD-B5D2-7501198E8E87}.AppStore|iPhone.Build.0 = AppStore|iPhone
		{C1C9F027-61B2-4BBD-B5D2-7501198E8E87}.AppStore|iPhoneSimulator.ActiveCfg = AppStore|iPhoneSimulator
		{C1C9F027-61B2-4BBD-B5D2-7501198E8E87}.AppStore|iPhoneSimulator.Build.0 = AppStore|iPhoneSimulator
		{C1C9F027-61B2-4BBD-B5D2-7501198E8E87}.AppStore|Mixed Platforms.ActiveCfg = AppStore|iPhone
		{C1C9F027-61B2-4BBD-B5D2-7501198E8E87}.AppStore|Mixed Platforms.Build.0 = AppStore|iPhone
		{C1C9F027-61B2-4BBD-B5D2-7501198E8E87}.AppStore|x64.ActiveCfg = AppStore|iPhone
		{C1C9F027-61B2-4BBD-B5D2-7501198E8E87}.AppStore|x86.ActiveCfg = AppStore|iPhone
		{C1C9F027-61B2-4BBD-B5D2-7501198E8E87}.Debug|Any CPU.ActiveCfg = Debug|iPhone
		{C1C9F027-61B2-4BBD-B5D2-7501198E8E87}.Debug|ARM.ActiveCfg = Debug|iPhone
		{C1C9F027-61B2-4BBD-B5D2-7501198E8E87}.Debug|iPhone.ActiveCfg = Debug|iPhone
		{C1C9F027-61B2-4BBD-B5D2-7501198E8E87}.Debug|iPhone.Build.0 = Debug|iPhone
		{C1C9F027-61B2-4BBD-B5D2-7501198E8E87}.Debug|iPhoneSimulator.ActiveCfg = Debug|iPhoneSimulator
		{C1C9F027-61B2-4BBD-B5D2-7501198E8E87}.Debug|iPhoneSimulator.Build.0 = Debug|iPhoneSimulator
		{C1C9F027-61B2-4BBD-B5D2-7501198E8E87}.Debug|Mixed Platforms.ActiveCfg = Debug|iPhone
		{C1C9F027-61B2-4BBD-B5D2-7501198E8E87}.Debug|Mixed Platforms.Build.0 = Debug|iPhone
		{C1C9F027-61B2-4BBD-B5D2-7501198E8E87}.Debug|x64.ActiveCfg = Debug|iPhone
		{C1C9F027-61B2-4BBD-B5D2-7501198E8E87}.Debug|x86.ActiveCfg = Debug|iPhone
		{C1C9F027-61B2-4BBD-B5D2-7501198E8E87}.Release|Any CPU.ActiveCfg = Release|iPhone
		{C1C9F027-61B2-4BBD-B5D2-7501198E8E87}.Release|ARM.ActiveCfg = Release|iPhone
		{C1C9F027-61B2-4BBD-B5D2-7501198E8E87}.Release|iPhone.ActiveCfg = Release|iPhone
		{C1C9F027-61B2-4BBD-B5D2-7501198E8E87}.Release|iPhone.Build.0 = Release|iPhone
		{C1C9F027-61B2-4BBD-B5D2-7501198E8E87}.Release|iPhoneSimulator.ActiveCfg = Release|iPhoneSimulator
		{C1C9F027-61B2-4BBD-B5D2-7501198E8E87}.Release|iPhoneSimulator.Build.0 = Release|iPhoneSimulator
		{C1C9F027-61B2-4BBD-B5D2-7501198E8E87}.Release|Mixed Platforms.ActiveCfg = Release|iPhone
		{C1C9F027-61B2-4BBD-B5D2-7501198E8E87}.Release|Mixed Platforms.Build.0 = Release|iPhone
		{C1C9F027-61B2-4BBD-B5D2-7501198E8E87}.Release|x64.ActiveCfg = Release|iPhone
		{C1C9F027-61B2-4BBD-B5D2-7501198E8E87}.Release|x86.ActiveCfg = Release|iPhone
		{35913677-C150-40A9-A3BC-27B1C8FE98AE}.Ad-Hoc|Any CPU.ActiveCfg = Ad-Hoc|iPhone
		{35913677-C150-40A9-A3BC-27B1C8FE98AE}.Ad-Hoc|ARM.ActiveCfg = Ad-Hoc|iPhone
		{35913677-C150-40A9-A3BC-27B1C8FE98AE}.Ad-Hoc|iPhone.ActiveCfg = Ad-Hoc|iPhone
		{35913677-C150-40A9-A3BC-27B1C8FE98AE}.Ad-Hoc|iPhone.Build.0 = Ad-Hoc|iPhone
		{35913677-C150-40A9-A3BC-27B1C8FE98AE}.Ad-Hoc|iPhoneSimulator.ActiveCfg = Ad-Hoc|iPhoneSimulator
		{35913677-C150-40A9-A3BC-27B1C8FE98AE}.Ad-Hoc|iPhoneSimulator.Build.0 = Ad-Hoc|iPhoneSimulator
		{35913677-C150-40A9-A3BC-27B1C8FE98AE}.Ad-Hoc|Mixed Platforms.ActiveCfg = Ad-Hoc|iPhone
		{35913677-C150-40A9-A3BC-27B1C8FE98AE}.Ad-Hoc|Mixed Platforms.Build.0 = Ad-Hoc|iPhone
		{35913677-C150-40A9-A3BC-27B1C8FE98AE}.Ad-Hoc|x64.ActiveCfg = Ad-Hoc|iPhone
		{35913677-C150-40A9-A3BC-27B1C8FE98AE}.Ad-Hoc|x86.ActiveCfg = Ad-Hoc|iPhone
		{35913677-C150-40A9-A3BC-27B1C8FE98AE}.AppStore|Any CPU.ActiveCfg = AppStore|iPhone
		{35913677-C150-40A9-A3BC-27B1C8FE98AE}.AppStore|ARM.ActiveCfg = AppStore|iPhone
		{35913677-C150-40A9-A3BC-27B1C8FE98AE}.AppStore|iPhone.ActiveCfg = AppStore|iPhone
		{35913677-C150-40A9-A3BC-27B1C8FE98AE}.AppStore|iPhone.Build.0 = AppStore|iPhone
		{35913677-C150-40A9-A3BC-27B1C8FE98AE}.AppStore|iPhoneSimulator.ActiveCfg = AppStore|iPhoneSimulator
		{35913677-C150-40A9-A3BC-27B1C8FE98AE}.AppStore|iPhoneSimulator.Build.0 = AppStore|iPhoneSimulator
		{35913677-C150-40A9-A3BC-27B1C8FE98AE}.AppStore|Mixed Platforms.ActiveCfg = AppStore|iPhone
		{35913677-C150-40A9-A3BC-27B1C8FE98AE}.AppStore|Mixed Platforms.Build.0 = AppStore|iPhone
		{35913677-C150-40A9-A3BC-27B1C8FE98AE}.AppStore|x64.ActiveCfg = AppStore|iPhone
		{35913677-C150-40A9-A3BC-27B1C8FE98AE}.AppStore|x86.ActiveCfg = AppStore|iPhone
		{35913677-C150-40A9-A3BC-27B1C8FE98AE}.Debug|Any CPU.ActiveCfg = Debug|iPhone
		{35913677-C150-40A9-A3BC-27B1C8FE98AE}.Debug|ARM.ActiveCfg = Debug|iPhone
		{35913677-C150-40A9-A3BC-27B1C8FE98AE}.Debug|iPhone.ActiveCfg = Debug|iPhone
		{35913677-C150-40A9-A3BC-27B1C8FE98AE}.Debug|iPhone.Build.0 = Debug|iPhone
		{35913677-C150-40A9-A3BC-27B1C8FE98AE}.Debug|iPhoneSimulator.ActiveCfg = Debug|iPhoneSimulator
		{35913677-C150-40A9-A3BC-27B1C8FE98AE}.Debug|iPhoneSimulator.Build.0 = Debug|iPhoneSimulator
		{35913677-C150-40A9-A3BC-27B1C8FE98AE}.Debug|Mixed Platforms.ActiveCfg = Debug|iPhone
		{35913677-C150-40A9-A3BC-27B1C8FE98AE}.Debug|Mixed Platforms.Build.0 = Debug|iPhone
		{35913677-C150-40A9-A3BC-27B1C8FE98AE}.Debug|x64.ActiveCfg = Debug|iPhone
		{35913677-C150-40A9-A3BC-27B1C8FE98AE}.Debug|x86.ActiveCfg = Debug|iPhone
		{35913677-C150-40A9-A3BC-27B1C8FE98AE}.Release|Any CPU.ActiveCfg = Release|iPhone
		{35913677-C150-40A9-A3BC-27B1C8FE98AE}.Release|ARM.ActiveCfg = Release|iPhone
		{35913677-C150-40A9-A3BC-27B1C8FE98AE}.Release|iPhone.ActiveCfg = Release|iPhone
		{35913677-C150-40A9-A3BC-27B1C8FE98AE}.Release|iPhone.Build.0 = Release|iPhone
		{35913677-C150-40A9-A3BC-27B1C8FE98AE}.Release|iPhoneSimulator.ActiveCfg = Release|iPhoneSimulator
		{35913677-C150-40A9-A3BC-27B1C8FE98AE}.Release|iPhoneSimulator.Build.0 = Release|iPhoneSimulator
		{35913677-C150-40A9-A3BC-27B1C8FE98AE}.Release|Mixed Platforms.ActiveCfg = Release|iPhone
		{35913677-C150-40A9-A3BC-27B1C8FE98AE}.Release|Mixed Platforms.Build.0 = Release|iPhone
		{35913677-C150-40A9-A3BC-27B1C8FE98AE}.Release|x64.ActiveCfg = Release|iPhone
		{35913677-C150-40A9-A3BC-27B1C8FE98AE}.Release|x86.ActiveCfg = Release|iPhone
		{0A40CF7A-85EA-441E-B981-B46A34066007}.Ad-Hoc|Any CPU.ActiveCfg = Release|Any CPU
		{0A40CF7A-85EA-441E-B981-B46A34066007}.Ad-Hoc|Any CPU.Build.0 = Release|Any CPU
		{0A40CF7A-85EA-441E-B981-B46A34066007}.Ad-Hoc|ARM.ActiveCfg = Release|ARM
		{0A40CF7A-85EA-441E-B981-B46A34066007}.Ad-Hoc|ARM.Build.0 = Release|ARM
		{0A40CF7A-85EA-441E-B981-B46A34066007}.Ad-Hoc|iPhone.ActiveCfg = Release|Any CPU
		{0A40CF7A-85EA-441E-B981-B46A34066007}.Ad-Hoc|iPhoneSimulator.ActiveCfg = Release|Any CPU
		{0A40CF7A-85EA-441E-B981-B46A34066007}.Ad-Hoc|Mixed Platforms.ActiveCfg = Release|x86
		{0A40CF7A-85EA-441E-B981-B46A34066007}.Ad-Hoc|Mixed Platforms.Build.0 = Release|x86
		{0A40CF7A-85EA-441E-B981-B46A34066007}.Ad-Hoc|x64.ActiveCfg = Release|Any CPU
		{0A40CF7A-85EA-441E-B981-B46A34066007}.Ad-Hoc|x86.ActiveCfg = Release|x86
		{0A40CF7A-85EA-441E-B981-B46A34066007}.Ad-Hoc|x86.Build.0 = Release|x86
		{0A40CF7A-85EA-441E-B981-B46A34066007}.AppStore|Any CPU.ActiveCfg = Release|Any CPU
		{0A40CF7A-85EA-441E-B981-B46A34066007}.AppStore|Any CPU.Build.0 = Release|Any CPU
		{0A40CF7A-85EA-441E-B981-B46A34066007}.AppStore|ARM.ActiveCfg = Release|ARM
		{0A40CF7A-85EA-441E-B981-B46A34066007}.AppStore|ARM.Build.0 = Release|ARM
		{0A40CF7A-85EA-441E-B981-B46A34066007}.AppStore|iPhone.ActiveCfg = Release|Any CPU
		{0A40CF7A-85EA-441E-B981-B46A34066007}.AppStore|iPhoneSimulator.ActiveCfg = Release|Any CPU
		{0A40CF7A-85EA-441E-B981-B46A34066007}.AppStore|Mixed Platforms.ActiveCfg = Release|x86
		{0A40CF7A-85EA-441E-B981-B46A34066007}.AppStore|Mixed Platforms.Build.0 = Release|x86
		{0A40CF7A-85EA-441E-B981-B46A34066007}.AppStore|x64.ActiveCfg = Release|Any CPU
		{0A40CF7A-85EA-441E-B981-B46A34066007}.AppStore|x86.ActiveCfg = Release|x86
		{0A40CF7A-85EA-441E-B981-B46A34066007}.AppStore|x86.Build.0 = Release|x86
		{0A40CF7A-85EA-441E-B981-B46A34066007}.Debug|Any CPU.ActiveCfg = Debug|Any CPU
		{0A40CF7A-85EA-441E-B981-B46A34066007}.Debug|Any CPU.Build.0 = Debug|Any CPU
		{0A40CF7A-85EA-441E-B981-B46A34066007}.Debug|ARM.ActiveCfg = Debug|ARM
		{0A40CF7A-85EA-441E-B981-B46A34066007}.Debug|ARM.Build.0 = Debug|ARM
		{0A40CF7A-85EA-441E-B981-B46A34066007}.Debug|iPhone.ActiveCfg = Debug|Any CPU
		{0A40CF7A-85EA-441E-B981-B46A34066007}.Debug|iPhoneSimulator.ActiveCfg = Debug|Any CPU
		{0A40CF7A-85EA-441E-B981-B46A34066007}.Debug|Mixed Platforms.ActiveCfg = Debug|x86
		{0A40CF7A-85EA-441E-B981-B46A34066007}.Debug|Mixed Platforms.Build.0 = Debug|x86
		{0A40CF7A-85EA-441E-B981-B46A34066007}.Debug|x64.ActiveCfg = Debug|Any CPU
		{0A40CF7A-85EA-441E-B981-B46A34066007}.Debug|x86.ActiveCfg = Debug|x86
		{0A40CF7A-85EA-441E-B981-B46A34066007}.Debug|x86.Build.0 = Debug|x86
		{0A40CF7A-85EA-441E-B981-B46A34066007}.Release|Any CPU.ActiveCfg = Release|Any CPU
		{0A40CF7A-85EA-441E-B981-B46A34066007}.Release|Any CPU.Build.0 = Release|Any CPU
		{0A40CF7A-85EA-441E-B981-B46A34066007}.Release|ARM.ActiveCfg = Release|ARM
		{0A40CF7A-85EA-441E-B981-B46A34066007}.Release|ARM.Build.0 = Release|ARM
		{0A40CF7A-85EA-441E-B981-B46A34066007}.Release|iPhone.ActiveCfg = Release|Any CPU
		{0A40CF7A-85EA-441E-B981-B46A34066007}.Release|iPhoneSimulator.ActiveCfg = Release|Any CPU
		{0A40CF7A-85EA-441E-B981-B46A34066007}.Release|Mixed Platforms.ActiveCfg = Release|x86
		{0A40CF7A-85EA-441E-B981-B46A34066007}.Release|Mixed Platforms.Build.0 = Release|x86
		{0A40CF7A-85EA-441E-B981-B46A34066007}.Release|x64.ActiveCfg = Release|Any CPU
		{0A40CF7A-85EA-441E-B981-B46A34066007}.Release|x86.ActiveCfg = Release|x86
		{0A40CF7A-85EA-441E-B981-B46A34066007}.Release|x86.Build.0 = Release|x86
		{A5C02FF0-FA55-4C1B-9686-5B63C59C366D}.Ad-Hoc|Any CPU.ActiveCfg = Release|Any CPU
		{A5C02FF0-FA55-4C1B-9686-5B63C59C366D}.Ad-Hoc|Any CPU.Build.0 = Release|Any CPU
		{A5C02FF0-FA55-4C1B-9686-5B63C59C366D}.Ad-Hoc|Any CPU.Deploy.0 = Release|Any CPU
		{A5C02FF0-FA55-4C1B-9686-5B63C59C366D}.Ad-Hoc|ARM.ActiveCfg = Release|ARM
		{A5C02FF0-FA55-4C1B-9686-5B63C59C366D}.Ad-Hoc|ARM.Build.0 = Release|ARM
		{A5C02FF0-FA55-4C1B-9686-5B63C59C366D}.Ad-Hoc|ARM.Deploy.0 = Release|ARM
		{A5C02FF0-FA55-4C1B-9686-5B63C59C366D}.Ad-Hoc|iPhone.ActiveCfg = Release|Any CPU
		{A5C02FF0-FA55-4C1B-9686-5B63C59C366D}.Ad-Hoc|iPhoneSimulator.ActiveCfg = Release|Any CPU
		{A5C02FF0-FA55-4C1B-9686-5B63C59C366D}.Ad-Hoc|Mixed Platforms.ActiveCfg = Release|x86
		{A5C02FF0-FA55-4C1B-9686-5B63C59C366D}.Ad-Hoc|Mixed Platforms.Build.0 = Release|x86
		{A5C02FF0-FA55-4C1B-9686-5B63C59C366D}.Ad-Hoc|Mixed Platforms.Deploy.0 = Release|x86
		{A5C02FF0-FA55-4C1B-9686-5B63C59C366D}.Ad-Hoc|x64.ActiveCfg = Release|Any CPU
		{A5C02FF0-FA55-4C1B-9686-5B63C59C366D}.Ad-Hoc|x86.ActiveCfg = Release|x86
		{A5C02FF0-FA55-4C1B-9686-5B63C59C366D}.Ad-Hoc|x86.Build.0 = Release|x86
		{A5C02FF0-FA55-4C1B-9686-5B63C59C366D}.Ad-Hoc|x86.Deploy.0 = Release|x86
		{A5C02FF0-FA55-4C1B-9686-5B63C59C366D}.AppStore|Any CPU.ActiveCfg = Release|Any CPU
		{A5C02FF0-FA55-4C1B-9686-5B63C59C366D}.AppStore|Any CPU.Build.0 = Release|Any CPU
		{A5C02FF0-FA55-4C1B-9686-5B63C59C366D}.AppStore|Any CPU.Deploy.0 = Release|Any CPU
		{A5C02FF0-FA55-4C1B-9686-5B63C59C366D}.AppStore|ARM.ActiveCfg = Release|ARM
		{A5C02FF0-FA55-4C1B-9686-5B63C59C366D}.AppStore|ARM.Build.0 = Release|ARM
		{A5C02FF0-FA55-4C1B-9686-5B63C59C366D}.AppStore|ARM.Deploy.0 = Release|ARM
		{A5C02FF0-FA55-4C1B-9686-5B63C59C366D}.AppStore|iPhone.ActiveCfg = Release|Any CPU
		{A5C02FF0-FA55-4C1B-9686-5B63C59C366D}.AppStore|iPhoneSimulator.ActiveCfg = Release|Any CPU
		{A5C02FF0-FA55-4C1B-9686-5B63C59C366D}.AppStore|Mixed Platforms.ActiveCfg = Release|x86
		{A5C02FF0-FA55-4C1B-9686-5B63C59C366D}.AppStore|Mixed Platforms.Build.0 = Release|x86
		{A5C02FF0-FA55-4C1B-9686-5B63C59C366D}.AppStore|Mixed Platforms.Deploy.0 = Release|x86
		{A5C02FF0-FA55-4C1B-9686-5B63C59C366D}.AppStore|x64.ActiveCfg = Release|Any CPU
		{A5C02FF0-FA55-4C1B-9686-5B63C59C366D}.AppStore|x86.ActiveCfg = Release|x86
		{A5C02FF0-FA55-4C1B-9686-5B63C59C366D}.AppStore|x86.Build.0 = Release|x86
		{A5C02FF0-FA55-4C1B-9686-5B63C59C366D}.AppStore|x86.Deploy.0 = Release|x86
		{A5C02FF0-FA55-4C1B-9686-5B63C59C366D}.Debug|Any CPU.ActiveCfg = Debug|Any CPU
		{A5C02FF0-FA55-4C1B-9686-5B63C59C366D}.Debug|Any CPU.Build.0 = Debug|Any CPU
		{A5C02FF0-FA55-4C1B-9686-5B63C59C366D}.Debug|Any CPU.Deploy.0 = Debug|Any CPU
		{A5C02FF0-FA55-4C1B-9686-5B63C59C366D}.Debug|ARM.ActiveCfg = Debug|ARM
		{A5C02FF0-FA55-4C1B-9686-5B63C59C366D}.Debug|ARM.Build.0 = Debug|ARM
		{A5C02FF0-FA55-4C1B-9686-5B63C59C366D}.Debug|ARM.Deploy.0 = Debug|ARM
		{A5C02FF0-FA55-4C1B-9686-5B63C59C366D}.Debug|iPhone.ActiveCfg = Debug|Any CPU
		{A5C02FF0-FA55-4C1B-9686-5B63C59C366D}.Debug|iPhoneSimulator.ActiveCfg = Debug|Any CPU
		{A5C02FF0-FA55-4C1B-9686-5B63C59C366D}.Debug|Mixed Platforms.ActiveCfg = Debug|x86
		{A5C02FF0-FA55-4C1B-9686-5B63C59C366D}.Debug|Mixed Platforms.Build.0 = Debug|x86
		{A5C02FF0-FA55-4C1B-9686-5B63C59C366D}.Debug|Mixed Platforms.Deploy.0 = Debug|x86
		{A5C02FF0-FA55-4C1B-9686-5B63C59C366D}.Debug|x64.ActiveCfg = Debug|Any CPU
		{A5C02FF0-FA55-4C1B-9686-5B63C59C366D}.Debug|x86.ActiveCfg = Debug|x86
		{A5C02FF0-FA55-4C1B-9686-5B63C59C366D}.Debug|x86.Build.0 = Debug|x86
		{A5C02FF0-FA55-4C1B-9686-5B63C59C366D}.Debug|x86.Deploy.0 = Debug|x86
		{A5C02FF0-FA55-4C1B-9686-5B63C59C366D}.Release|Any CPU.ActiveCfg = Release|Any CPU
		{A5C02FF0-FA55-4C1B-9686-5B63C59C366D}.Release|Any CPU.Build.0 = Release|Any CPU
		{A5C02FF0-FA55-4C1B-9686-5B63C59C366D}.Release|Any CPU.Deploy.0 = Release|Any CPU
		{A5C02FF0-FA55-4C1B-9686-5B63C59C366D}.Release|ARM.ActiveCfg = Release|ARM
		{A5C02FF0-FA55-4C1B-9686-5B63C59C366D}.Release|ARM.Build.0 = Release|ARM
		{A5C02FF0-FA55-4C1B-9686-5B63C59C366D}.Release|ARM.Deploy.0 = Release|ARM
		{A5C02FF0-FA55-4C1B-9686-5B63C59C366D}.Release|iPhone.ActiveCfg = Release|Any CPU
		{A5C02FF0-FA55-4C1B-9686-5B63C59C366D}.Release|iPhoneSimulator.ActiveCfg = Release|Any CPU
		{A5C02FF0-FA55-4C1B-9686-5B63C59C366D}.Release|Mixed Platforms.ActiveCfg = Release|x86
		{A5C02FF0-FA55-4C1B-9686-5B63C59C366D}.Release|Mixed Platforms.Build.0 = Release|x86
		{A5C02FF0-FA55-4C1B-9686-5B63C59C366D}.Release|Mixed Platforms.Deploy.0 = Release|x86
		{A5C02FF0-FA55-4C1B-9686-5B63C59C366D}.Release|x64.ActiveCfg = Release|Any CPU
		{A5C02FF0-FA55-4C1B-9686-5B63C59C366D}.Release|x86.ActiveCfg = Release|x86
		{A5C02FF0-FA55-4C1B-9686-5B63C59C366D}.Release|x86.Build.0 = Release|x86
		{A5C02FF0-FA55-4C1B-9686-5B63C59C366D}.Release|x86.Deploy.0 = Release|x86
		{2A02DFBB-82C1-407C-9AC9-F9883B899967}.Ad-Hoc|Any CPU.ActiveCfg = Release|Any CPU
		{2A02DFBB-82C1-407C-9AC9-F9883B899967}.Ad-Hoc|Any CPU.Build.0 = Release|Any CPU
		{2A02DFBB-82C1-407C-9AC9-F9883B899967}.Ad-Hoc|ARM.ActiveCfg = Release|Any CPU
		{2A02DFBB-82C1-407C-9AC9-F9883B899967}.Ad-Hoc|ARM.Build.0 = Release|Any CPU
		{2A02DFBB-82C1-407C-9AC9-F9883B899967}.Ad-Hoc|iPhone.ActiveCfg = Release|Any CPU
		{2A02DFBB-82C1-407C-9AC9-F9883B899967}.Ad-Hoc|iPhone.Build.0 = Release|Any CPU
		{2A02DFBB-82C1-407C-9AC9-F9883B899967}.Ad-Hoc|iPhoneSimulator.ActiveCfg = Release|Any CPU
		{2A02DFBB-82C1-407C-9AC9-F9883B899967}.Ad-Hoc|iPhoneSimulator.Build.0 = Release|Any CPU
		{2A02DFBB-82C1-407C-9AC9-F9883B899967}.Ad-Hoc|Mixed Platforms.ActiveCfg = Release|Any CPU
		{2A02DFBB-82C1-407C-9AC9-F9883B899967}.Ad-Hoc|Mixed Platforms.Build.0 = Release|Any CPU
		{2A02DFBB-82C1-407C-9AC9-F9883B899967}.Ad-Hoc|x64.ActiveCfg = Release|Any CPU
		{2A02DFBB-82C1-407C-9AC9-F9883B899967}.Ad-Hoc|x64.Build.0 = Release|Any CPU
		{2A02DFBB-82C1-407C-9AC9-F9883B899967}.Ad-Hoc|x86.ActiveCfg = Release|Any CPU
		{2A02DFBB-82C1-407C-9AC9-F9883B899967}.Ad-Hoc|x86.Build.0 = Release|Any CPU
		{2A02DFBB-82C1-407C-9AC9-F9883B899967}.AppStore|Any CPU.ActiveCfg = Release|Any CPU
		{2A02DFBB-82C1-407C-9AC9-F9883B899967}.AppStore|Any CPU.Build.0 = Release|Any CPU
		{2A02DFBB-82C1-407C-9AC9-F9883B899967}.AppStore|ARM.ActiveCfg = Release|Any CPU
		{2A02DFBB-82C1-407C-9AC9-F9883B899967}.AppStore|ARM.Build.0 = Release|Any CPU
		{2A02DFBB-82C1-407C-9AC9-F9883B899967}.AppStore|iPhone.ActiveCfg = Release|Any CPU
		{2A02DFBB-82C1-407C-9AC9-F9883B899967}.AppStore|iPhone.Build.0 = Release|Any CPU
		{2A02DFBB-82C1-407C-9AC9-F9883B899967}.AppStore|iPhoneSimulator.ActiveCfg = Release|Any CPU
		{2A02DFBB-82C1-407C-9AC9-F9883B899967}.AppStore|iPhoneSimulator.Build.0 = Release|Any CPU
		{2A02DFBB-82C1-407C-9AC9-F9883B899967}.AppStore|Mixed Platforms.ActiveCfg = Release|Any CPU
		{2A02DFBB-82C1-407C-9AC9-F9883B899967}.AppStore|Mixed Platforms.Build.0 = Release|Any CPU
		{2A02DFBB-82C1-407C-9AC9-F9883B899967}.AppStore|x64.ActiveCfg = Release|Any CPU
		{2A02DFBB-82C1-407C-9AC9-F9883B899967}.AppStore|x64.Build.0 = Release|Any CPU
		{2A02DFBB-82C1-407C-9AC9-F9883B899967}.AppStore|x86.ActiveCfg = Release|Any CPU
		{2A02DFBB-82C1-407C-9AC9-F9883B899967}.AppStore|x86.Build.0 = Release|Any CPU
		{2A02DFBB-82C1-407C-9AC9-F9883B899967}.Debug|Any CPU.ActiveCfg = Debug|Any CPU
		{2A02DFBB-82C1-407C-9AC9-F9883B899967}.Debug|Any CPU.Build.0 = Debug|Any CPU
		{2A02DFBB-82C1-407C-9AC9-F9883B899967}.Debug|ARM.ActiveCfg = Debug|Any CPU
		{2A02DFBB-82C1-407C-9AC9-F9883B899967}.Debug|ARM.Build.0 = Debug|Any CPU
		{2A02DFBB-82C1-407C-9AC9-F9883B899967}.Debug|iPhone.ActiveCfg = Debug|Any CPU
		{2A02DFBB-82C1-407C-9AC9-F9883B899967}.Debug|iPhone.Build.0 = Debug|Any CPU
		{2A02DFBB-82C1-407C-9AC9-F9883B899967}.Debug|iPhoneSimulator.ActiveCfg = Debug|Any CPU
		{2A02DFBB-82C1-407C-9AC9-F9883B899967}.Debug|iPhoneSimulator.Build.0 = Debug|Any CPU
		{2A02DFBB-82C1-407C-9AC9-F9883B899967}.Debug|Mixed Platforms.ActiveCfg = Debug|Any CPU
		{2A02DFBB-82C1-407C-9AC9-F9883B899967}.Debug|Mixed Platforms.Build.0 = Debug|Any CPU
		{2A02DFBB-82C1-407C-9AC9-F9883B899967}.Debug|x64.ActiveCfg = Debug|Any CPU
		{2A02DFBB-82C1-407C-9AC9-F9883B899967}.Debug|x64.Build.0 = Debug|Any CPU
		{2A02DFBB-82C1-407C-9AC9-F9883B899967}.Debug|x86.ActiveCfg = Debug|Any CPU
		{2A02DFBB-82C1-407C-9AC9-F9883B899967}.Debug|x86.Build.0 = Debug|Any CPU
		{2A02DFBB-82C1-407C-9AC9-F9883B899967}.Release|Any CPU.ActiveCfg = Release|Any CPU
		{2A02DFBB-82C1-407C-9AC9-F9883B899967}.Release|Any CPU.Build.0 = Release|Any CPU
		{2A02DFBB-82C1-407C-9AC9-F9883B899967}.Release|ARM.ActiveCfg = Release|Any CPU
		{2A02DFBB-82C1-407C-9AC9-F9883B899967}.Release|ARM.Build.0 = Release|Any CPU
		{2A02DFBB-82C1-407C-9AC9-F9883B899967}.Release|iPhone.ActiveCfg = Release|Any CPU
		{2A02DFBB-82C1-407C-9AC9-F9883B899967}.Release|iPhone.Build.0 = Release|Any CPU
		{2A02DFBB-82C1-407C-9AC9-F9883B899967}.Release|iPhoneSimulator.ActiveCfg = Release|Any CPU
		{2A02DFBB-82C1-407C-9AC9-F9883B899967}.Release|iPhoneSimulator.Build.0 = Release|Any CPU
		{2A02DFBB-82C1-407C-9AC9-F9883B899967}.Release|Mixed Platforms.ActiveCfg = Release|Any CPU
		{2A02DFBB-82C1-407C-9AC9-F9883B899967}.Release|Mixed Platforms.Build.0 = Release|Any CPU
		{2A02DFBB-82C1-407C-9AC9-F9883B899967}.Release|x64.ActiveCfg = Release|Any CPU
		{2A02DFBB-82C1-407C-9AC9-F9883B899967}.Release|x64.Build.0 = Release|Any CPU
		{2A02DFBB-82C1-407C-9AC9-F9883B899967}.Release|x86.ActiveCfg = Release|Any CPU
		{2A02DFBB-82C1-407C-9AC9-F9883B899967}.Release|x86.Build.0 = Release|Any CPU
		{082AABAE-6F9C-49B9-9598-B0BEA4CE3532}.Ad-Hoc|Any CPU.ActiveCfg = Release|Any CPU
		{082AABAE-6F9C-49B9-9598-B0BEA4CE3532}.Ad-Hoc|Any CPU.Build.0 = Release|Any CPU
		{082AABAE-6F9C-49B9-9598-B0BEA4CE3532}.Ad-Hoc|Any CPU.Deploy.0 = Release|Any CPU
		{082AABAE-6F9C-49B9-9598-B0BEA4CE3532}.Ad-Hoc|ARM.ActiveCfg = Release|Any CPU
		{082AABAE-6F9C-49B9-9598-B0BEA4CE3532}.Ad-Hoc|ARM.Build.0 = Release|Any CPU
		{082AABAE-6F9C-49B9-9598-B0BEA4CE3532}.Ad-Hoc|ARM.Deploy.0 = Release|Any CPU
		{082AABAE-6F9C-49B9-9598-B0BEA4CE3532}.Ad-Hoc|iPhone.ActiveCfg = Release|Any CPU
		{082AABAE-6F9C-49B9-9598-B0BEA4CE3532}.Ad-Hoc|iPhone.Build.0 = Release|Any CPU
		{082AABAE-6F9C-49B9-9598-B0BEA4CE3532}.Ad-Hoc|iPhone.Deploy.0 = Release|Any CPU
		{082AABAE-6F9C-49B9-9598-B0BEA4CE3532}.Ad-Hoc|iPhoneSimulator.ActiveCfg = Release|Any CPU
		{082AABAE-6F9C-49B9-9598-B0BEA4CE3532}.Ad-Hoc|iPhoneSimulator.Build.0 = Release|Any CPU
		{082AABAE-6F9C-49B9-9598-B0BEA4CE3532}.Ad-Hoc|iPhoneSimulator.Deploy.0 = Release|Any CPU
		{082AABAE-6F9C-49B9-9598-B0BEA4CE3532}.Ad-Hoc|Mixed Platforms.ActiveCfg = Release|Any CPU
		{082AABAE-6F9C-49B9-9598-B0BEA4CE3532}.Ad-Hoc|Mixed Platforms.Build.0 = Release|Any CPU
		{082AABAE-6F9C-49B9-9598-B0BEA4CE3532}.Ad-Hoc|Mixed Platforms.Deploy.0 = Release|Any CPU
		{082AABAE-6F9C-49B9-9598-B0BEA4CE3532}.Ad-Hoc|x64.ActiveCfg = Release|Any CPU
		{082AABAE-6F9C-49B9-9598-B0BEA4CE3532}.Ad-Hoc|x64.Build.0 = Release|Any CPU
		{082AABAE-6F9C-49B9-9598-B0BEA4CE3532}.Ad-Hoc|x64.Deploy.0 = Release|Any CPU
		{082AABAE-6F9C-49B9-9598-B0BEA4CE3532}.Ad-Hoc|x86.ActiveCfg = Release|Any CPU
		{082AABAE-6F9C-49B9-9598-B0BEA4CE3532}.Ad-Hoc|x86.Build.0 = Release|Any CPU
		{082AABAE-6F9C-49B9-9598-B0BEA4CE3532}.Ad-Hoc|x86.Deploy.0 = Release|Any CPU
		{082AABAE-6F9C-49B9-9598-B0BEA4CE3532}.AppStore|Any CPU.ActiveCfg = Release|Any CPU
		{082AABAE-6F9C-49B9-9598-B0BEA4CE3532}.AppStore|Any CPU.Build.0 = Release|Any CPU
		{082AABAE-6F9C-49B9-9598-B0BEA4CE3532}.AppStore|Any CPU.Deploy.0 = Release|Any CPU
		{082AABAE-6F9C-49B9-9598-B0BEA4CE3532}.AppStore|ARM.ActiveCfg = Release|Any CPU
		{082AABAE-6F9C-49B9-9598-B0BEA4CE3532}.AppStore|ARM.Build.0 = Release|Any CPU
		{082AABAE-6F9C-49B9-9598-B0BEA4CE3532}.AppStore|ARM.Deploy.0 = Release|Any CPU
		{082AABAE-6F9C-49B9-9598-B0BEA4CE3532}.AppStore|iPhone.ActiveCfg = Release|Any CPU
		{082AABAE-6F9C-49B9-9598-B0BEA4CE3532}.AppStore|iPhone.Build.0 = Release|Any CPU
		{082AABAE-6F9C-49B9-9598-B0BEA4CE3532}.AppStore|iPhone.Deploy.0 = Release|Any CPU
		{082AABAE-6F9C-49B9-9598-B0BEA4CE3532}.AppStore|iPhoneSimulator.ActiveCfg = Release|Any CPU
		{082AABAE-6F9C-49B9-9598-B0BEA4CE3532}.AppStore|iPhoneSimulator.Build.0 = Release|Any CPU
		{082AABAE-6F9C-49B9-9598-B0BEA4CE3532}.AppStore|iPhoneSimulator.Deploy.0 = Release|Any CPU
		{082AABAE-6F9C-49B9-9598-B0BEA4CE3532}.AppStore|Mixed Platforms.ActiveCfg = Release|Any CPU
		{082AABAE-6F9C-49B9-9598-B0BEA4CE3532}.AppStore|Mixed Platforms.Build.0 = Release|Any CPU
		{082AABAE-6F9C-49B9-9598-B0BEA4CE3532}.AppStore|Mixed Platforms.Deploy.0 = Release|Any CPU
		{082AABAE-6F9C-49B9-9598-B0BEA4CE3532}.AppStore|x64.ActiveCfg = Release|Any CPU
		{082AABAE-6F9C-49B9-9598-B0BEA4CE3532}.AppStore|x64.Build.0 = Release|Any CPU
		{082AABAE-6F9C-49B9-9598-B0BEA4CE3532}.AppStore|x64.Deploy.0 = Release|Any CPU
		{082AABAE-6F9C-49B9-9598-B0BEA4CE3532}.AppStore|x86.ActiveCfg = Release|Any CPU
		{082AABAE-6F9C-49B9-9598-B0BEA4CE3532}.AppStore|x86.Build.0 = Release|Any CPU
		{082AABAE-6F9C-49B9-9598-B0BEA4CE3532}.AppStore|x86.Deploy.0 = Release|Any CPU
		{082AABAE-6F9C-49B9-9598-B0BEA4CE3532}.Debug|Any CPU.ActiveCfg = Debug|Any CPU
		{082AABAE-6F9C-49B9-9598-B0BEA4CE3532}.Debug|Any CPU.Build.0 = Debug|Any CPU
		{082AABAE-6F9C-49B9-9598-B0BEA4CE3532}.Debug|Any CPU.Deploy.0 = Debug|Any CPU
		{082AABAE-6F9C-49B9-9598-B0BEA4CE3532}.Debug|ARM.ActiveCfg = Debug|Any CPU
		{082AABAE-6F9C-49B9-9598-B0BEA4CE3532}.Debug|ARM.Build.0 = Debug|Any CPU
		{082AABAE-6F9C-49B9-9598-B0BEA4CE3532}.Debug|ARM.Deploy.0 = Debug|Any CPU
		{082AABAE-6F9C-49B9-9598-B0BEA4CE3532}.Debug|iPhone.ActiveCfg = Debug|Any CPU
		{082AABAE-6F9C-49B9-9598-B0BEA4CE3532}.Debug|iPhone.Build.0 = Debug|Any CPU
		{082AABAE-6F9C-49B9-9598-B0BEA4CE3532}.Debug|iPhone.Deploy.0 = Debug|Any CPU
		{082AABAE-6F9C-49B9-9598-B0BEA4CE3532}.Debug|iPhoneSimulator.ActiveCfg = Debug|Any CPU
		{082AABAE-6F9C-49B9-9598-B0BEA4CE3532}.Debug|iPhoneSimulator.Build.0 = Debug|Any CPU
		{082AABAE-6F9C-49B9-9598-B0BEA4CE3532}.Debug|iPhoneSimulator.Deploy.0 = Debug|Any CPU
		{082AABAE-6F9C-49B9-9598-B0BEA4CE3532}.Debug|Mixed Platforms.ActiveCfg = Debug|Any CPU
		{082AABAE-6F9C-49B9-9598-B0BEA4CE3532}.Debug|Mixed Platforms.Build.0 = Debug|Any CPU
		{082AABAE-6F9C-49B9-9598-B0BEA4CE3532}.Debug|Mixed Platforms.Deploy.0 = Debug|Any CPU
		{082AABAE-6F9C-49B9-9598-B0BEA4CE3532}.Debug|x64.ActiveCfg = Debug|Any CPU
		{082AABAE-6F9C-49B9-9598-B0BEA4CE3532}.Debug|x64.Build.0 = Debug|Any CPU
		{082AABAE-6F9C-49B9-9598-B0BEA4CE3532}.Debug|x64.Deploy.0 = Debug|Any CPU
		{082AABAE-6F9C-49B9-9598-B0BEA4CE3532}.Debug|x86.ActiveCfg = Debug|Any CPU
		{082AABAE-6F9C-49B9-9598-B0BEA4CE3532}.Debug|x86.Build.0 = Debug|Any CPU
		{082AABAE-6F9C-49B9-9598-B0BEA4CE3532}.Debug|x86.Deploy.0 = Debug|Any CPU
		{082AABAE-6F9C-49B9-9598-B0BEA4CE3532}.Release|Any CPU.ActiveCfg = Release|Any CPU
		{082AABAE-6F9C-49B9-9598-B0BEA4CE3532}.Release|Any CPU.Build.0 = Release|Any CPU
		{082AABAE-6F9C-49B9-9598-B0BEA4CE3532}.Release|Any CPU.Deploy.0 = Release|Any CPU
		{082AABAE-6F9C-49B9-9598-B0BEA4CE3532}.Release|ARM.ActiveCfg = Release|Any CPU
		{082AABAE-6F9C-49B9-9598-B0BEA4CE3532}.Release|ARM.Build.0 = Release|Any CPU
		{082AABAE-6F9C-49B9-9598-B0BEA4CE3532}.Release|ARM.Deploy.0 = Release|Any CPU
		{082AABAE-6F9C-49B9-9598-B0BEA4CE3532}.Release|iPhone.ActiveCfg = Release|Any CPU
		{082AABAE-6F9C-49B9-9598-B0BEA4CE3532}.Release|iPhone.Build.0 = Release|Any CPU
		{082AABAE-6F9C-49B9-9598-B0BEA4CE3532}.Release|iPhone.Deploy.0 = Release|Any CPU
		{082AABAE-6F9C-49B9-9598-B0BEA4CE3532}.Release|iPhoneSimulator.ActiveCfg = Release|Any CPU
		{082AABAE-6F9C-49B9-9598-B0BEA4CE3532}.Release|iPhoneSimulator.Build.0 = Release|Any CPU
		{082AABAE-6F9C-49B9-9598-B0BEA4CE3532}.Release|iPhoneSimulator.Deploy.0 = Release|Any CPU
		{082AABAE-6F9C-49B9-9598-B0BEA4CE3532}.Release|Mixed Platforms.ActiveCfg = Release|Any CPU
		{082AABAE-6F9C-49B9-9598-B0BEA4CE3532}.Release|Mixed Platforms.Build.0 = Release|Any CPU
		{082AABAE-6F9C-49B9-9598-B0BEA4CE3532}.Release|Mixed Platforms.Deploy.0 = Release|Any CPU
		{082AABAE-6F9C-49B9-9598-B0BEA4CE3532}.Release|x64.ActiveCfg = Release|Any CPU
		{082AABAE-6F9C-49B9-9598-B0BEA4CE3532}.Release|x64.Build.0 = Release|Any CPU
		{082AABAE-6F9C-49B9-9598-B0BEA4CE3532}.Release|x64.Deploy.0 = Release|Any CPU
		{082AABAE-6F9C-49B9-9598-B0BEA4CE3532}.Release|x86.ActiveCfg = Release|Any CPU
		{082AABAE-6F9C-49B9-9598-B0BEA4CE3532}.Release|x86.Build.0 = Release|Any CPU
		{082AABAE-6F9C-49B9-9598-B0BEA4CE3532}.Release|x86.Deploy.0 = Release|Any CPU
		{67B5FBCB-4039-45D1-A717-F0E0D1F62E3D}.Ad-Hoc|Any CPU.ActiveCfg = Release|Any CPU
		{67B5FBCB-4039-45D1-A717-F0E0D1F62E3D}.Ad-Hoc|Any CPU.Build.0 = Release|Any CPU
		{67B5FBCB-4039-45D1-A717-F0E0D1F62E3D}.Ad-Hoc|ARM.ActiveCfg = Release|Any CPU
		{67B5FBCB-4039-45D1-A717-F0E0D1F62E3D}.Ad-Hoc|ARM.Build.0 = Release|Any CPU
		{67B5FBCB-4039-45D1-A717-F0E0D1F62E3D}.Ad-Hoc|iPhone.ActiveCfg = Release|Any CPU
		{67B5FBCB-4039-45D1-A717-F0E0D1F62E3D}.Ad-Hoc|iPhone.Build.0 = Release|Any CPU
		{67B5FBCB-4039-45D1-A717-F0E0D1F62E3D}.Ad-Hoc|iPhoneSimulator.ActiveCfg = Release|Any CPU
		{67B5FBCB-4039-45D1-A717-F0E0D1F62E3D}.Ad-Hoc|iPhoneSimulator.Build.0 = Release|Any CPU
		{67B5FBCB-4039-45D1-A717-F0E0D1F62E3D}.Ad-Hoc|Mixed Platforms.ActiveCfg = Release|Any CPU
		{67B5FBCB-4039-45D1-A717-F0E0D1F62E3D}.Ad-Hoc|Mixed Platforms.Build.0 = Release|Any CPU
		{67B5FBCB-4039-45D1-A717-F0E0D1F62E3D}.Ad-Hoc|x64.ActiveCfg = Release|Any CPU
		{67B5FBCB-4039-45D1-A717-F0E0D1F62E3D}.Ad-Hoc|x64.Build.0 = Release|Any CPU
		{67B5FBCB-4039-45D1-A717-F0E0D1F62E3D}.Ad-Hoc|x86.ActiveCfg = Release|Any CPU
		{67B5FBCB-4039-45D1-A717-F0E0D1F62E3D}.Ad-Hoc|x86.Build.0 = Release|Any CPU
		{67B5FBCB-4039-45D1-A717-F0E0D1F62E3D}.AppStore|Any CPU.ActiveCfg = Release|Any CPU
		{67B5FBCB-4039-45D1-A717-F0E0D1F62E3D}.AppStore|Any CPU.Build.0 = Release|Any CPU
		{67B5FBCB-4039-45D1-A717-F0E0D1F62E3D}.AppStore|ARM.ActiveCfg = Release|Any CPU
		{67B5FBCB-4039-45D1-A717-F0E0D1F62E3D}.AppStore|ARM.Build.0 = Release|Any CPU
		{67B5FBCB-4039-45D1-A717-F0E0D1F62E3D}.AppStore|iPhone.ActiveCfg = Release|Any CPU
		{67B5FBCB-4039-45D1-A717-F0E0D1F62E3D}.AppStore|iPhone.Build.0 = Release|Any CPU
		{67B5FBCB-4039-45D1-A717-F0E0D1F62E3D}.AppStore|iPhoneSimulator.ActiveCfg = Release|Any CPU
		{67B5FBCB-4039-45D1-A717-F0E0D1F62E3D}.AppStore|iPhoneSimulator.Build.0 = Release|Any CPU
		{67B5FBCB-4039-45D1-A717-F0E0D1F62E3D}.AppStore|Mixed Platforms.ActiveCfg = Release|Any CPU
		{67B5FBCB-4039-45D1-A717-F0E0D1F62E3D}.AppStore|Mixed Platforms.Build.0 = Release|Any CPU
		{67B5FBCB-4039-45D1-A717-F0E0D1F62E3D}.AppStore|x64.ActiveCfg = Release|Any CPU
		{67B5FBCB-4039-45D1-A717-F0E0D1F62E3D}.AppStore|x64.Build.0 = Release|Any CPU
		{67B5FBCB-4039-45D1-A717-F0E0D1F62E3D}.AppStore|x86.ActiveCfg = Release|Any CPU
		{67B5FBCB-4039-45D1-A717-F0E0D1F62E3D}.AppStore|x86.Build.0 = Release|Any CPU
		{67B5FBCB-4039-45D1-A717-F0E0D1F62E3D}.Debug|Any CPU.ActiveCfg = Debug|Any CPU
		{67B5FBCB-4039-45D1-A717-F0E0D1F62E3D}.Debug|Any CPU.Build.0 = Debug|Any CPU
		{67B5FBCB-4039-45D1-A717-F0E0D1F62E3D}.Debug|ARM.ActiveCfg = Debug|Any CPU
		{67B5FBCB-4039-45D1-A717-F0E0D1F62E3D}.Debug|ARM.Build.0 = Debug|Any CPU
		{67B5FBCB-4039-45D1-A717-F0E0D1F62E3D}.Debug|iPhone.ActiveCfg = Debug|Any CPU
		{67B5FBCB-4039-45D1-A717-F0E0D1F62E3D}.Debug|iPhone.Build.0 = Debug|Any CPU
		{67B5FBCB-4039-45D1-A717-F0E0D1F62E3D}.Debug|iPhoneSimulator.ActiveCfg = Debug|Any CPU
		{67B5FBCB-4039-45D1-A717-F0E0D1F62E3D}.Debug|iPhoneSimulator.Build.0 = Debug|Any CPU
		{67B5FBCB-4039-45D1-A717-F0E0D1F62E3D}.Debug|Mixed Platforms.ActiveCfg = Debug|Any CPU
		{67B5FBCB-4039-45D1-A717-F0E0D1F62E3D}.Debug|Mixed Platforms.Build.0 = Debug|Any CPU
		{67B5FBCB-4039-45D1-A717-F0E0D1F62E3D}.Debug|x64.ActiveCfg = Debug|Any CPU
		{67B5FBCB-4039-45D1-A717-F0E0D1F62E3D}.Debug|x64.Build.0 = Debug|Any CPU
		{67B5FBCB-4039-45D1-A717-F0E0D1F62E3D}.Debug|x86.ActiveCfg = Debug|Any CPU
		{67B5FBCB-4039-45D1-A717-F0E0D1F62E3D}.Debug|x86.Build.0 = Debug|Any CPU
		{67B5FBCB-4039-45D1-A717-F0E0D1F62E3D}.Release|Any CPU.ActiveCfg = Release|Any CPU
		{67B5FBCB-4039-45D1-A717-F0E0D1F62E3D}.Release|Any CPU.Build.0 = Release|Any CPU
		{67B5FBCB-4039-45D1-A717-F0E0D1F62E3D}.Release|ARM.ActiveCfg = Release|Any CPU
		{67B5FBCB-4039-45D1-A717-F0E0D1F62E3D}.Release|ARM.Build.0 = Release|Any CPU
		{67B5FBCB-4039-45D1-A717-F0E0D1F62E3D}.Release|iPhone.ActiveCfg = Release|Any CPU
		{67B5FBCB-4039-45D1-A717-F0E0D1F62E3D}.Release|iPhone.Build.0 = Release|Any CPU
		{67B5FBCB-4039-45D1-A717-F0E0D1F62E3D}.Release|iPhoneSimulator.ActiveCfg = Release|Any CPU
		{67B5FBCB-4039-45D1-A717-F0E0D1F62E3D}.Release|iPhoneSimulator.Build.0 = Release|Any CPU
		{67B5FBCB-4039-45D1-A717-F0E0D1F62E3D}.Release|Mixed Platforms.ActiveCfg = Release|Any CPU
		{67B5FBCB-4039-45D1-A717-F0E0D1F62E3D}.Release|Mixed Platforms.Build.0 = Release|Any CPU
		{67B5FBCB-4039-45D1-A717-F0E0D1F62E3D}.Release|x64.ActiveCfg = Release|Any CPU
		{67B5FBCB-4039-45D1-A717-F0E0D1F62E3D}.Release|x64.Build.0 = Release|Any CPU
		{67B5FBCB-4039-45D1-A717-F0E0D1F62E3D}.Release|x86.ActiveCfg = Release|Any CPU
		{67B5FBCB-4039-45D1-A717-F0E0D1F62E3D}.Release|x86.Build.0 = Release|Any CPU
		{4F7913FE-0FC2-483D-A5E1-750377AEE4BB}.Ad-Hoc|Any CPU.ActiveCfg = Ad-Hoc|iPhone
		{4F7913FE-0FC2-483D-A5E1-750377AEE4BB}.Ad-Hoc|ARM.ActiveCfg = Ad-Hoc|iPhone
		{4F7913FE-0FC2-483D-A5E1-750377AEE4BB}.Ad-Hoc|iPhone.ActiveCfg = Ad-Hoc|iPhone
		{4F7913FE-0FC2-483D-A5E1-750377AEE4BB}.Ad-Hoc|iPhone.Build.0 = Ad-Hoc|iPhone
		{4F7913FE-0FC2-483D-A5E1-750377AEE4BB}.Ad-Hoc|iPhoneSimulator.ActiveCfg = Ad-Hoc|iPhoneSimulator
		{4F7913FE-0FC2-483D-A5E1-750377AEE4BB}.Ad-Hoc|iPhoneSimulator.Build.0 = Ad-Hoc|iPhoneSimulator
		{4F7913FE-0FC2-483D-A5E1-750377AEE4BB}.Ad-Hoc|Mixed Platforms.ActiveCfg = Ad-Hoc|iPhone
		{4F7913FE-0FC2-483D-A5E1-750377AEE4BB}.Ad-Hoc|Mixed Platforms.Build.0 = Ad-Hoc|iPhone
		{4F7913FE-0FC2-483D-A5E1-750377AEE4BB}.Ad-Hoc|x64.ActiveCfg = Ad-Hoc|iPhone
		{4F7913FE-0FC2-483D-A5E1-750377AEE4BB}.Ad-Hoc|x86.ActiveCfg = Ad-Hoc|iPhone
		{4F7913FE-0FC2-483D-A5E1-750377AEE4BB}.AppStore|Any CPU.ActiveCfg = AppStore|iPhone
		{4F7913FE-0FC2-483D-A5E1-750377AEE4BB}.AppStore|ARM.ActiveCfg = AppStore|iPhone
		{4F7913FE-0FC2-483D-A5E1-750377AEE4BB}.AppStore|iPhone.ActiveCfg = AppStore|iPhone
		{4F7913FE-0FC2-483D-A5E1-750377AEE4BB}.AppStore|iPhone.Build.0 = AppStore|iPhone
		{4F7913FE-0FC2-483D-A5E1-750377AEE4BB}.AppStore|iPhoneSimulator.ActiveCfg = AppStore|iPhoneSimulator
		{4F7913FE-0FC2-483D-A5E1-750377AEE4BB}.AppStore|iPhoneSimulator.Build.0 = AppStore|iPhoneSimulator
		{4F7913FE-0FC2-483D-A5E1-750377AEE4BB}.AppStore|Mixed Platforms.ActiveCfg = AppStore|iPhone
		{4F7913FE-0FC2-483D-A5E1-750377AEE4BB}.AppStore|Mixed Platforms.Build.0 = AppStore|iPhone
		{4F7913FE-0FC2-483D-A5E1-750377AEE4BB}.AppStore|x64.ActiveCfg = AppStore|iPhone
		{4F7913FE-0FC2-483D-A5E1-750377AEE4BB}.AppStore|x86.ActiveCfg = AppStore|iPhone
		{4F7913FE-0FC2-483D-A5E1-750377AEE4BB}.Debug|Any CPU.ActiveCfg = Debug|iPhone
		{4F7913FE-0FC2-483D-A5E1-750377AEE4BB}.Debug|ARM.ActiveCfg = Debug|iPhone
		{4F7913FE-0FC2-483D-A5E1-750377AEE4BB}.Debug|iPhone.ActiveCfg = Debug|iPhone
		{4F7913FE-0FC2-483D-A5E1-750377AEE4BB}.Debug|iPhone.Build.0 = Debug|iPhone
		{4F7913FE-0FC2-483D-A5E1-750377AEE4BB}.Debug|iPhoneSimulator.ActiveCfg = Debug|iPhoneSimulator
		{4F7913FE-0FC2-483D-A5E1-750377AEE4BB}.Debug|iPhoneSimulator.Build.0 = Debug|iPhoneSimulator
		{4F7913FE-0FC2-483D-A5E1-750377AEE4BB}.Debug|Mixed Platforms.ActiveCfg = Debug|iPhone
		{4F7913FE-0FC2-483D-A5E1-750377AEE4BB}.Debug|Mixed Platforms.Build.0 = Debug|iPhone
		{4F7913FE-0FC2-483D-A5E1-750377AEE4BB}.Debug|x64.ActiveCfg = Debug|iPhone
		{4F7913FE-0FC2-483D-A5E1-750377AEE4BB}.Debug|x86.ActiveCfg = Debug|iPhone
		{4F7913FE-0FC2-483D-A5E1-750377AEE4BB}.Release|Any CPU.ActiveCfg = Release|iPhone
		{4F7913FE-0FC2-483D-A5E1-750377AEE4BB}.Release|ARM.ActiveCfg = Release|iPhone
		{4F7913FE-0FC2-483D-A5E1-750377AEE4BB}.Release|iPhone.ActiveCfg = Release|iPhone
		{4F7913FE-0FC2-483D-A5E1-750377AEE4BB}.Release|iPhone.Build.0 = Release|iPhone
		{4F7913FE-0FC2-483D-A5E1-750377AEE4BB}.Release|iPhoneSimulator.ActiveCfg = Release|iPhoneSimulator
		{4F7913FE-0FC2-483D-A5E1-750377AEE4BB}.Release|iPhoneSimulator.Build.0 = Release|iPhoneSimulator
		{4F7913FE-0FC2-483D-A5E1-750377AEE4BB}.Release|Mixed Platforms.ActiveCfg = Release|iPhone
		{4F7913FE-0FC2-483D-A5E1-750377AEE4BB}.Release|Mixed Platforms.Build.0 = Release|iPhone
		{4F7913FE-0FC2-483D-A5E1-750377AEE4BB}.Release|x64.ActiveCfg = Release|iPhone
		{4F7913FE-0FC2-483D-A5E1-750377AEE4BB}.Release|x86.ActiveCfg = Release|iPhone
	EndGlobalSection
	GlobalSection(SolutionProperties) = preSolution
		HideSolutionNode = FALSE
	EndGlobalSection
	GlobalSection(NestedProjects) = preSolution
		{39233334-91FE-4171-A7B4-32EC4B131F72} = {2DB6DF64-A521-453B-8E86-3187BA8FE5C4}
		{CF14525D-0B5B-43D1-95BC-45053D4F3F0A} = {2DB6DF64-A521-453B-8E86-3187BA8FE5C4}
		{7FA4C968-DD1C-4938-A98F-AE658B1B2E9B} = {2E9A292E-7CB0-4D98-B27D-032C66B1E5D9}
		{8943A132-73F9-4C5C-B7D3-D19CB073B21E} = {2E9A292E-7CB0-4D98-B27D-032C66B1E5D9}
		{5989E91B-7DA1-46CD-AC43-668E38CC43E7} = {2DB6DF64-A521-453B-8E86-3187BA8FE5C4}
		{4B4B929A-3F2F-40A3-AC93-ECC7916F35C0} = {2E9A292E-7CB0-4D98-B27D-032C66B1E5D9}
		{46918AE0-CFED-48BE-8578-884D249EC936} = {2DB6DF64-A521-453B-8E86-3187BA8FE5C4}
		{61240B5D-FD9F-4DD9-8F8B-FDE6BF4E8BFD} = {2DB6DF64-A521-453B-8E86-3187BA8FE5C4}
		{C1C9F027-61B2-4BBD-B5D2-7501198E8E87} = {2E9A292E-7CB0-4D98-B27D-032C66B1E5D9}
		{35913677-C150-40A9-A3BC-27B1C8FE98AE} = {2E9A292E-7CB0-4D98-B27D-032C66B1E5D9}
		{0A40CF7A-85EA-441E-B981-B46A34066007} = {2DB6DF64-A521-453B-8E86-3187BA8FE5C4}
		{A5C02FF0-FA55-4C1B-9686-5B63C59C366D} = {2E9A292E-7CB0-4D98-B27D-032C66B1E5D9}
		{2A02DFBB-82C1-407C-9AC9-F9883B899967} = {99A779CD-897B-4466-AC3B-0E082236B4EB}
		{082AABAE-6F9C-49B9-9598-B0BEA4CE3532} = {99A779CD-897B-4466-AC3B-0E082236B4EB}
		{67B5FBCB-4039-45D1-A717-F0E0D1F62E3D} = {99A779CD-897B-4466-AC3B-0E082236B4EB}
		{4F7913FE-0FC2-483D-A5E1-750377AEE4BB} = {99A779CD-897B-4466-AC3B-0E082236B4EB}
	EndGlobalSection
EndGlobal
